// !$*UTF8*$!
{
	archiveVersion = 1;
	classes = {
	};
	objectVersion = 46;
	objects = {

/* Begin PBXBuildFile section */
		_LinkFileRef_LakestoneCore_via_LakestoneCoreTests /* LakestoneCore.framework in Frameworks */ = {isa = PBXBuildFile; fileRef = "_____Product_LakestoneCore" /* LakestoneCore.framework */; };
		_LinkFileRef_PerfectCURL_via_LakestoneCore /* PerfectCURL.framework in Frameworks */ = {isa = PBXBuildFile; fileRef = "_____Product_PerfectCURL" /* PerfectCURL.framework */; };
		_LinkFileRef_PerfectCURL_via_LakestoneCoreTests /* PerfectCURL.framework in Frameworks */ = {isa = PBXBuildFile; fileRef = "_____Product_PerfectCURL" /* PerfectCURL.framework */; };
		_LinkFileRef_PerfectLib_via_LakestoneCore /* PerfectLib.framework in Frameworks */ = {isa = PBXBuildFile; fileRef = "_____Product_PerfectLib" /* PerfectLib.framework */; };
		_LinkFileRef_PerfectLib_via_LakestoneCoreTests /* PerfectLib.framework in Frameworks */ = {isa = PBXBuildFile; fileRef = "_____Product_PerfectLib" /* PerfectLib.framework */; };
		_LinkFileRef_PerfectThread_via_LakestoneCore /* PerfectThread.framework in Frameworks */ = {isa = PBXBuildFile; fileRef = "_____Product_PerfectThread" /* PerfectThread.framework */; };
		_LinkFileRef_PerfectThread_via_LakestoneCoreTests /* PerfectThread.framework in Frameworks */ = {isa = PBXBuildFile; fileRef = "_____Product_PerfectThread" /* PerfectThread.framework */; };
		_LinkFileRef_PerfectThread_via_PerfectCURL /* PerfectThread.framework in Frameworks */ = {isa = PBXBuildFile; fileRef = "_____Product_PerfectThread" /* PerfectThread.framework */; };
		"__src_cc_ref_Packages/PerfectCURL-2.0.0/Sources/cURL.swift" /* cURL.swift in Sources */ = {isa = PBXBuildFile; fileRef = "__PBXFileRef_Packages/PerfectCURL-2.0.0/Sources/cURL.swift" /* cURL.swift */; };
		"__src_cc_ref_Packages/PerfectLib-2.0.0/Sources/PerfectLib/Bytes.swift" /* Bytes.swift in Sources */ = {isa = PBXBuildFile; fileRef = "__PBXFileRef_Packages/PerfectLib-2.0.0/Sources/PerfectLib/Bytes.swift" /* Bytes.swift */; };
		"__src_cc_ref_Packages/PerfectLib-2.0.0/Sources/PerfectLib/Dir.swift" /* Dir.swift in Sources */ = {isa = PBXBuildFile; fileRef = "__PBXFileRef_Packages/PerfectLib-2.0.0/Sources/PerfectLib/Dir.swift" /* Dir.swift */; };
		"__src_cc_ref_Packages/PerfectLib-2.0.0/Sources/PerfectLib/File.swift" /* File.swift in Sources */ = {isa = PBXBuildFile; fileRef = "__PBXFileRef_Packages/PerfectLib-2.0.0/Sources/PerfectLib/File.swift" /* File.swift */; };
		"__src_cc_ref_Packages/PerfectLib-2.0.0/Sources/PerfectLib/JSONConvertible.swift" /* JSONConvertible.swift in Sources */ = {isa = PBXBuildFile; fileRef = "__PBXFileRef_Packages/PerfectLib-2.0.0/Sources/PerfectLib/JSONConvertible.swift" /* JSONConvertible.swift */; };
		"__src_cc_ref_Packages/PerfectLib-2.0.0/Sources/PerfectLib/Log.swift" /* Log.swift in Sources */ = {isa = PBXBuildFile; fileRef = "__PBXFileRef_Packages/PerfectLib-2.0.0/Sources/PerfectLib/Log.swift" /* Log.swift */; };
		"__src_cc_ref_Packages/PerfectLib-2.0.0/Sources/PerfectLib/PerfectError.swift" /* PerfectError.swift in Sources */ = {isa = PBXBuildFile; fileRef = "__PBXFileRef_Packages/PerfectLib-2.0.0/Sources/PerfectLib/PerfectError.swift" /* PerfectError.swift */; };
		"__src_cc_ref_Packages/PerfectLib-2.0.0/Sources/PerfectLib/PerfectServer.swift" /* PerfectServer.swift in Sources */ = {isa = PBXBuildFile; fileRef = "__PBXFileRef_Packages/PerfectLib-2.0.0/Sources/PerfectLib/PerfectServer.swift" /* PerfectServer.swift */; };
		"__src_cc_ref_Packages/PerfectLib-2.0.0/Sources/PerfectLib/SwiftCompatibility.swift" /* SwiftCompatibility.swift in Sources */ = {isa = PBXBuildFile; fileRef = "__PBXFileRef_Packages/PerfectLib-2.0.0/Sources/PerfectLib/SwiftCompatibility.swift" /* SwiftCompatibility.swift */; };
		"__src_cc_ref_Packages/PerfectLib-2.0.0/Sources/PerfectLib/SysProcess.swift" /* SysProcess.swift in Sources */ = {isa = PBXBuildFile; fileRef = "__PBXFileRef_Packages/PerfectLib-2.0.0/Sources/PerfectLib/SysProcess.swift" /* SysProcess.swift */; };
		"__src_cc_ref_Packages/PerfectLib-2.0.0/Sources/PerfectLib/Utilities.swift" /* Utilities.swift in Sources */ = {isa = PBXBuildFile; fileRef = "__PBXFileRef_Packages/PerfectLib-2.0.0/Sources/PerfectLib/Utilities.swift" /* Utilities.swift */; };
		"__src_cc_ref_Packages/PerfectThread-2.0.0/Sources/ThreadQueue.swift" /* ThreadQueue.swift in Sources */ = {isa = PBXBuildFile; fileRef = "__PBXFileRef_Packages/PerfectThread-2.0.0/Sources/ThreadQueue.swift" /* ThreadQueue.swift */; };
		"__src_cc_ref_Packages/PerfectThread-2.0.0/Sources/Threading.swift" /* Threading.swift in Sources */ = {isa = PBXBuildFile; fileRef = "__PBXFileRef_Packages/PerfectThread-2.0.0/Sources/Threading.swift" /* Threading.swift */; };
		__src_cc_ref_Source/HTTP.swift /* HTTP.swift in Sources */ = {isa = PBXBuildFile; fileRef = __PBXFileRef_Source/HTTP.swift /* HTTP.swift */; };
		__src_cc_ref_Source/LakestoneError.swift /* LakestoneError.swift in Sources */ = {isa = PBXBuildFile; fileRef = __PBXFileRef_Source/LakestoneError.swift /* LakestoneError.swift */; };
		__src_cc_ref_Source/alliases.swift /* alliases.swift in Sources */ = {isa = PBXBuildFile; fileRef = __PBXFileRef_Source/alliases.swift /* alliases.swift */; };
		__src_cc_ref_Tests/LakestoneCoreTests/LakestoneCoreTests.swift /* LakestoneCoreTests.swift in Sources */ = {isa = PBXBuildFile; fileRef = __PBXFileRef_Tests/LakestoneCoreTests/LakestoneCoreTests.swift /* LakestoneCoreTests.swift */; };
/* End PBXBuildFile section */

/* Begin PBXContainerItemProxy section */
		1A60496F1D9141150015BA86 /* PBXContainerItemProxy */ = {
			isa = PBXContainerItemProxy;
			containerPortal = __RootObject_ /* Project object */;
			proxyType = 1;
			remoteGlobalIDString = "______Target_PerfectThread";
			remoteInfo = PerfectThread;
		};
		1A6049701D9141150015BA86 /* PBXContainerItemProxy */ = {
			isa = PBXContainerItemProxy;
			containerPortal = __RootObject_ /* Project object */;
			proxyType = 1;
			remoteGlobalIDString = "______Target_PerfectLib";
			remoteInfo = PerfectLib;
		};
		1A6049711D9141150015BA86 /* PBXContainerItemProxy */ = {
			isa = PBXContainerItemProxy;
			containerPortal = __RootObject_ /* Project object */;
			proxyType = 1;
			remoteGlobalIDString = "______Target_PerfectCURL";
			remoteInfo = PerfectCURL;
		};
		1A6049721D9141150015BA86 /* PBXContainerItemProxy */ = {
			isa = PBXContainerItemProxy;
			containerPortal = __RootObject_ /* Project object */;
			proxyType = 1;
			remoteGlobalIDString = "______Target_LakestoneCore";
			remoteInfo = LakestoneCore;
		};
/* End PBXContainerItemProxy section */

/* Begin PBXFileReference section */
		1A7D58981D9144F7006B97A1 /* TestShit.h */ = {isa = PBXFileReference; lastKnownFileType = sourcecode.c.h; path = TestShit.h; sourceTree = "<group>"; };
		1A7D58991D9144F7006B97A1 /* Info.plist */ = {isa = PBXFileReference; lastKnownFileType = text.plist.xml; path = Info.plist; sourceTree = "<group>"; };
		1A7D58A31D9144F7006B97A1 /* TestShitTests.swift */ = {isa = PBXFileReference; lastKnownFileType = sourcecode.swift; path = TestShitTests.swift; sourceTree = "<group>"; };
		1A7D58A51D9144F7006B97A1 /* Info.plist */ = {isa = PBXFileReference; lastKnownFileType = text.plist.xml; path = Info.plist; sourceTree = "<group>"; };
		__PBXFileRef_LakestoneCore.xcodeproj/Configs/Project.xcconfig /* LakestoneCore.xcodeproj/Configs/Project.xcconfig */ = {isa = PBXFileReference; lastKnownFileType = text.xcconfig; path = LakestoneCore.xcodeproj/Configs/Project.xcconfig; sourceTree = "<group>"; };
		__PBXFileRef_Package.swift /* Package.swift */ = {isa = PBXFileReference; lastKnownFileType = sourcecode.swift; path = Package.swift; sourceTree = "<group>"; };
		"__PBXFileRef_Packages/PerfectCURL-2.0.0/Sources/cURL.swift" /* cURL.swift */ = {isa = PBXFileReference; lastKnownFileType = sourcecode.swift; path = cURL.swift; sourceTree = "<group>"; };
		"__PBXFileRef_Packages/PerfectLib-2.0.0/Sources/PerfectLib/Bytes.swift" /* Bytes.swift */ = {isa = PBXFileReference; lastKnownFileType = sourcecode.swift; path = Bytes.swift; sourceTree = "<group>"; };
		"__PBXFileRef_Packages/PerfectLib-2.0.0/Sources/PerfectLib/Dir.swift" /* Dir.swift */ = {isa = PBXFileReference; lastKnownFileType = sourcecode.swift; path = Dir.swift; sourceTree = "<group>"; };
		"__PBXFileRef_Packages/PerfectLib-2.0.0/Sources/PerfectLib/File.swift" /* File.swift */ = {isa = PBXFileReference; lastKnownFileType = sourcecode.swift; path = File.swift; sourceTree = "<group>"; };
		"__PBXFileRef_Packages/PerfectLib-2.0.0/Sources/PerfectLib/JSONConvertible.swift" /* JSONConvertible.swift */ = {isa = PBXFileReference; lastKnownFileType = sourcecode.swift; path = JSONConvertible.swift; sourceTree = "<group>"; };
		"__PBXFileRef_Packages/PerfectLib-2.0.0/Sources/PerfectLib/Log.swift" /* Log.swift */ = {isa = PBXFileReference; lastKnownFileType = sourcecode.swift; path = Log.swift; sourceTree = "<group>"; };
		"__PBXFileRef_Packages/PerfectLib-2.0.0/Sources/PerfectLib/PerfectError.swift" /* PerfectError.swift */ = {isa = PBXFileReference; lastKnownFileType = sourcecode.swift; path = PerfectError.swift; sourceTree = "<group>"; };
		"__PBXFileRef_Packages/PerfectLib-2.0.0/Sources/PerfectLib/PerfectServer.swift" /* PerfectServer.swift */ = {isa = PBXFileReference; lastKnownFileType = sourcecode.swift; path = PerfectServer.swift; sourceTree = "<group>"; };
		"__PBXFileRef_Packages/PerfectLib-2.0.0/Sources/PerfectLib/SwiftCompatibility.swift" /* SwiftCompatibility.swift */ = {isa = PBXFileReference; lastKnownFileType = sourcecode.swift; path = SwiftCompatibility.swift; sourceTree = "<group>"; };
		"__PBXFileRef_Packages/PerfectLib-2.0.0/Sources/PerfectLib/SysProcess.swift" /* SysProcess.swift */ = {isa = PBXFileReference; lastKnownFileType = sourcecode.swift; path = SysProcess.swift; sourceTree = "<group>"; };
		"__PBXFileRef_Packages/PerfectLib-2.0.0/Sources/PerfectLib/Utilities.swift" /* Utilities.swift */ = {isa = PBXFileReference; lastKnownFileType = sourcecode.swift; path = Utilities.swift; sourceTree = "<group>"; };
		"__PBXFileRef_Packages/PerfectThread-2.0.0/Sources/ThreadQueue.swift" /* ThreadQueue.swift */ = {isa = PBXFileReference; lastKnownFileType = sourcecode.swift; path = ThreadQueue.swift; sourceTree = "<group>"; };
		"__PBXFileRef_Packages/PerfectThread-2.0.0/Sources/Threading.swift" /* Threading.swift */ = {isa = PBXFileReference; lastKnownFileType = sourcecode.swift; path = Threading.swift; sourceTree = "<group>"; };
		__PBXFileRef_Source/HTTP.swift /* HTTP.swift */ = {isa = PBXFileReference; lastKnownFileType = sourcecode.swift; path = HTTP.swift; sourceTree = "<group>"; };
		__PBXFileRef_Source/LakestoneError.swift /* LakestoneError.swift */ = {isa = PBXFileReference; lastKnownFileType = sourcecode.swift; path = LakestoneError.swift; sourceTree = "<group>"; };
		__PBXFileRef_Source/alliases.swift /* alliases.swift */ = {isa = PBXFileReference; lastKnownFileType = sourcecode.swift; path = alliases.swift; sourceTree = "<group>"; };
		__PBXFileRef_Tests/LakestoneCoreTests/LakestoneCoreTests.swift /* LakestoneCoreTests.swift */ = {isa = PBXFileReference; lastKnownFileType = sourcecode.swift; path = LakestoneCoreTests.swift; sourceTree = "<group>"; };
		"_____Product_LakestoneCore" /* LakestoneCore.framework */ = {isa = PBXFileReference; explicitFileType = wrapper.framework; path = LakestoneCore.framework; sourceTree = BUILT_PRODUCTS_DIR; };
		"_____Product_LakestoneCoreTests" /* LakestoneCoreTests.xctest */ = {isa = PBXFileReference; lastKnownFileType = file; path = LakestoneCoreTests.xctest; sourceTree = BUILT_PRODUCTS_DIR; };
		"_____Product_PerfectCURL" /* PerfectCURL.framework */ = {isa = PBXFileReference; explicitFileType = wrapper.framework; path = PerfectCURL.framework; sourceTree = BUILT_PRODUCTS_DIR; };
		"_____Product_PerfectLib" /* PerfectLib.framework */ = {isa = PBXFileReference; explicitFileType = wrapper.framework; path = PerfectLib.framework; sourceTree = BUILT_PRODUCTS_DIR; };
		"_____Product_PerfectThread" /* PerfectThread.framework */ = {isa = PBXFileReference; explicitFileType = wrapper.framework; path = PerfectThread.framework; sourceTree = BUILT_PRODUCTS_DIR; };
/* End PBXFileReference section */

/* Begin PBXFrameworksBuildPhase section */
		"___LinkPhase_LakestoneCore" /* Frameworks */ = {
			isa = PBXFrameworksBuildPhase;
			buildActionMask = 0;
			files = (
				_LinkFileRef_PerfectLib_via_LakestoneCore /* PerfectLib.framework in Frameworks */,
				_LinkFileRef_PerfectThread_via_LakestoneCore /* PerfectThread.framework in Frameworks */,
				_LinkFileRef_PerfectCURL_via_LakestoneCore /* PerfectCURL.framework in Frameworks */,
			);
			runOnlyForDeploymentPostprocessing = 0;
		};
		"___LinkPhase_LakestoneCoreTests" /* Frameworks */ = {
			isa = PBXFrameworksBuildPhase;
			buildActionMask = 0;
			files = (
				_LinkFileRef_PerfectLib_via_LakestoneCoreTests /* PerfectLib.framework in Frameworks */,
				_LinkFileRef_PerfectThread_via_LakestoneCoreTests /* PerfectThread.framework in Frameworks */,
				_LinkFileRef_PerfectCURL_via_LakestoneCoreTests /* PerfectCURL.framework in Frameworks */,
				_LinkFileRef_LakestoneCore_via_LakestoneCoreTests /* LakestoneCore.framework in Frameworks */,
			);
			runOnlyForDeploymentPostprocessing = 0;
		};
		"___LinkPhase_PerfectCURL" /* Frameworks */ = {
			isa = PBXFrameworksBuildPhase;
			buildActionMask = 0;
			files = (
				_LinkFileRef_PerfectThread_via_PerfectCURL /* PerfectThread.framework in Frameworks */,
			);
			runOnlyForDeploymentPostprocessing = 0;
		};
		"___LinkPhase_PerfectLib" /* Frameworks */ = {
			isa = PBXFrameworksBuildPhase;
			buildActionMask = 0;
			files = (
			);
			runOnlyForDeploymentPostprocessing = 0;
		};
		"___LinkPhase_PerfectThread" /* Frameworks */ = {
			isa = PBXFrameworksBuildPhase;
			buildActionMask = 0;
			files = (
			);
			runOnlyForDeploymentPostprocessing = 0;
		};
/* End PBXFrameworksBuildPhase section */

/* Begin PBXGroup section */
		1A7D58971D9144F7006B97A1 /* TestShit */ = {
			isa = PBXGroup;
			children = (
				1A7D58981D9144F7006B97A1 /* TestShit.h */,
				1A7D58991D9144F7006B97A1 /* Info.plist */,
			);
			path = TestShit;
			sourceTree = "<group>";
		};
		1A7D58A21D9144F7006B97A1 /* TestShitTests */ = {
			isa = PBXGroup;
			children = (
				1A7D58A31D9144F7006B97A1 /* TestShitTests.swift */,
				1A7D58A51D9144F7006B97A1 /* Info.plist */,
			);
			path = TestShitTests;
			sourceTree = "<group>";
		};
		Dependencies_ /* Dependencies */ = {
			isa = PBXGroup;
			children = (
				"_______Group_PerfectLib" /* PerfectLib */,
				"_______Group_PerfectCURL" /* PerfectCURL */,
				"_______Group_PerfectThread" /* PerfectThread */,
			);
			name = Dependencies;
			sourceTree = "<group>";
		};
		TestProducts_ /* Tests */ = {
			isa = PBXGroup;
			children = (
				"_____Product_LakestoneCoreTests" /* LakestoneCoreTests.xctest */,
			);
			name = Tests;
			sourceTree = "<group>";
		};
		"___RootGroup_" = {
			isa = PBXGroup;
			children = (
				__PBXFileRef_Package.swift /* Package.swift */,
				"_____Configs_" /* Configs */,
				"_____Sources_" /* Sources */,
				Dependencies_ /* Dependencies */,
				"_______Tests_" /* Tests */,
				1A7D58971D9144F7006B97A1 /* TestShit */,
				1A7D58A21D9144F7006B97A1 /* TestShitTests */,
				"____Products_" /* Products */,
			);
			sourceTree = "<group>";
		};
		"____Products_" /* Products */ = {
			isa = PBXGroup;
			children = (
				TestProducts_ /* Tests */,
				"_____Product_PerfectLib" /* PerfectLib.framework */,
				"_____Product_PerfectThread" /* PerfectThread.framework */,
				"_____Product_PerfectCURL" /* PerfectCURL.framework */,
				"_____Product_LakestoneCore" /* LakestoneCore.framework */,
			);
			name = Products;
			sourceTree = "<group>";
		};
		"_____Configs_" /* Configs */ = {
			isa = PBXGroup;
			children = (
				__PBXFileRef_LakestoneCore.xcodeproj/Configs/Project.xcconfig /* LakestoneCore.xcodeproj/Configs/Project.xcconfig */,
			);
			name = Configs;
			sourceTree = "<group>";
		};
		"_____Sources_" /* Sources */ = {
			isa = PBXGroup;
			children = (
				"_______Group_LakestoneCore" /* LakestoneCore */,
			);
			name = Sources;
			sourceTree = "<group>";
		};
		"_______Group_LakestoneCore" /* LakestoneCore */ = {
			isa = PBXGroup;
			children = (
				__PBXFileRef_Source/alliases.swift /* alliases.swift */,
				__PBXFileRef_Source/HTTP.swift /* HTTP.swift */,
				__PBXFileRef_Source/LakestoneError.swift /* LakestoneError.swift */,
			);
			name = LakestoneCore;
			path = Source;
			sourceTree = "<group>";
		};
		"_______Group_LakestoneCoreTests" /* LakestoneCoreTests */ = {
			isa = PBXGroup;
			children = (
				__PBXFileRef_Tests/LakestoneCoreTests/LakestoneCoreTests.swift /* LakestoneCoreTests.swift */,
			);
			name = LakestoneCoreTests;
			path = Tests/LakestoneCoreTests;
			sourceTree = "<group>";
		};
		"_______Group_PerfectCURL" /* PerfectCURL */ = {
			isa = PBXGroup;
			children = (
				"__PBXFileRef_Packages/PerfectCURL-2.0.0/Sources/cURL.swift" /* cURL.swift */,
			);
			name = PerfectCURL;
			path = "Packages/PerfectCURL-2.0.0/Sources";
			sourceTree = "<group>";
		};
		"_______Group_PerfectLib" /* PerfectLib */ = {
			isa = PBXGroup;
			children = (
				"__PBXFileRef_Packages/PerfectLib-2.0.0/Sources/PerfectLib/Bytes.swift" /* Bytes.swift */,
				"__PBXFileRef_Packages/PerfectLib-2.0.0/Sources/PerfectLib/Dir.swift" /* Dir.swift */,
				"__PBXFileRef_Packages/PerfectLib-2.0.0/Sources/PerfectLib/File.swift" /* File.swift */,
				"__PBXFileRef_Packages/PerfectLib-2.0.0/Sources/PerfectLib/JSONConvertible.swift" /* JSONConvertible.swift */,
				"__PBXFileRef_Packages/PerfectLib-2.0.0/Sources/PerfectLib/Log.swift" /* Log.swift */,
				"__PBXFileRef_Packages/PerfectLib-2.0.0/Sources/PerfectLib/PerfectError.swift" /* PerfectError.swift */,
				"__PBXFileRef_Packages/PerfectLib-2.0.0/Sources/PerfectLib/PerfectServer.swift" /* PerfectServer.swift */,
				"__PBXFileRef_Packages/PerfectLib-2.0.0/Sources/PerfectLib/SwiftCompatibility.swift" /* SwiftCompatibility.swift */,
				"__PBXFileRef_Packages/PerfectLib-2.0.0/Sources/PerfectLib/SysProcess.swift" /* SysProcess.swift */,
				"__PBXFileRef_Packages/PerfectLib-2.0.0/Sources/PerfectLib/Utilities.swift" /* Utilities.swift */,
			);
			name = PerfectLib;
			path = "Packages/PerfectLib-2.0.0/Sources/PerfectLib";
			sourceTree = "<group>";
		};
		"_______Group_PerfectThread" /* PerfectThread */ = {
			isa = PBXGroup;
			children = (
				"__PBXFileRef_Packages/PerfectThread-2.0.0/Sources/Threading.swift" /* Threading.swift */,
				"__PBXFileRef_Packages/PerfectThread-2.0.0/Sources/ThreadQueue.swift" /* ThreadQueue.swift */,
			);
			name = PerfectThread;
			path = "Packages/PerfectThread-2.0.0/Sources";
			sourceTree = "<group>";
		};
		"_______Tests_" /* Tests */ = {
			isa = PBXGroup;
			children = (
				"_______Group_LakestoneCoreTests" /* LakestoneCoreTests */,
			);
			name = Tests;
			sourceTree = "<group>";
		};
/* End PBXGroup section */

/* Begin PBXNativeTarget section */
		"______Target_LakestoneCore" /* LakestoneCore */ = {
			isa = PBXNativeTarget;
			buildConfigurationList = "_______Confs_LakestoneCore" /* Build configuration list for PBXNativeTarget "LakestoneCore" */;
			buildPhases = (
				CompilePhase_LakestoneCore /* Sources */,
				"___LinkPhase_LakestoneCore" /* Frameworks */,
			);
			buildRules = (
			);
			dependencies = (
				__Dependency_PerfectLib /* PBXTargetDependency */,
				__Dependency_PerfectThread /* PBXTargetDependency */,
				__Dependency_PerfectCURL /* PBXTargetDependency */,
			);
			name = LakestoneCore;
			productName = LakestoneCore;
			productReference = "_____Product_LakestoneCore" /* LakestoneCore.framework */;
			productType = "com.apple.product-type.framework";
		};
		"______Target_LakestoneCoreTests" /* LakestoneCoreTests */ = {
			isa = PBXNativeTarget;
			buildConfigurationList = "_______Confs_LakestoneCoreTests" /* Build configuration list for PBXNativeTarget "LakestoneCoreTests" */;
			buildPhases = (
				CompilePhase_LakestoneCoreTests /* Sources */,
				"___LinkPhase_LakestoneCoreTests" /* Frameworks */,
			);
			buildRules = (
			);
			dependencies = (
				__Dependency_PerfectLib /* PBXTargetDependency */,
				__Dependency_PerfectThread /* PBXTargetDependency */,
				__Dependency_PerfectCURL /* PBXTargetDependency */,
				__Dependency_LakestoneCore /* PBXTargetDependency */,
			);
			name = LakestoneCoreTests;
			productName = LakestoneCoreTests;
			productReference = "_____Product_LakestoneCoreTests" /* LakestoneCoreTests.xctest */;
			productType = "com.apple.product-type.bundle.unit-test";
		};
		"______Target_PerfectCURL" /* PerfectCURL */ = {
			isa = PBXNativeTarget;
			buildConfigurationList = "_______Confs_PerfectCURL" /* Build configuration list for PBXNativeTarget "PerfectCURL" */;
			buildPhases = (
				CompilePhase_PerfectCURL /* Sources */,
				"___LinkPhase_PerfectCURL" /* Frameworks */,
			);
			buildRules = (
			);
			dependencies = (
				__Dependency_PerfectThread /* PBXTargetDependency */,
			);
			name = PerfectCURL;
			productName = PerfectCURL;
			productReference = "_____Product_PerfectCURL" /* PerfectCURL.framework */;
			productType = "com.apple.product-type.framework";
		};
		"______Target_PerfectLib" /* PerfectLib */ = {
			isa = PBXNativeTarget;
			buildConfigurationList = "_______Confs_PerfectLib" /* Build configuration list for PBXNativeTarget "PerfectLib" */;
			buildPhases = (
				CompilePhase_PerfectLib /* Sources */,
				"___LinkPhase_PerfectLib" /* Frameworks */,
			);
			buildRules = (
			);
			dependencies = (
			);
			name = PerfectLib;
			productName = PerfectLib;
			productReference = "_____Product_PerfectLib" /* PerfectLib.framework */;
			productType = "com.apple.product-type.framework";
		};
		"______Target_PerfectThread" /* PerfectThread */ = {
			isa = PBXNativeTarget;
			buildConfigurationList = "_______Confs_PerfectThread" /* Build configuration list for PBXNativeTarget "PerfectThread" */;
			buildPhases = (
				CompilePhase_PerfectThread /* Sources */,
				"___LinkPhase_PerfectThread" /* Frameworks */,
			);
			buildRules = (
			);
			dependencies = (
			);
			name = PerfectThread;
			productName = PerfectThread;
			productReference = "_____Product_PerfectThread" /* PerfectThread.framework */;
			productType = "com.apple.product-type.framework";
		};
/* End PBXNativeTarget section */

/* Begin PBXProject section */
		__RootObject_ /* Project object */ = {
			isa = PBXProject;
			attributes = {
				LastSwiftUpdateCheck = 0800;
				LastUpgradeCheck = 9999;
			};
			buildConfigurationList = "___RootConfs_" /* Build configuration list for PBXProject "LakestoneCore" */;
			compatibilityVersion = "Xcode 3.2";
			developmentRegion = English;
			hasScannedForEncodings = 0;
			knownRegions = (
				en,
			);
			mainGroup = "___RootGroup_";
			productRefGroup = "____Products_" /* Products */;
			projectDirPath = "";
			projectRoot = "";
			targets = (
				"______Target_PerfectLib" /* PerfectLib */,
				"______Target_PerfectThread" /* PerfectThread */,
				"______Target_PerfectCURL" /* PerfectCURL */,
				"______Target_LakestoneCore" /* LakestoneCore */,
				"______Target_LakestoneCoreTests" /* LakestoneCoreTests */,
			);
		};
/* End PBXProject section */

/* Begin PBXSourcesBuildPhase section */
		CompilePhase_LakestoneCore /* Sources */ = {
			isa = PBXSourcesBuildPhase;
			buildActionMask = 0;
			files = (
				__src_cc_ref_Source/alliases.swift /* alliases.swift in Sources */,
				__src_cc_ref_Source/HTTP.swift /* HTTP.swift in Sources */,
				__src_cc_ref_Source/LakestoneError.swift /* LakestoneError.swift in Sources */,
			);
			runOnlyForDeploymentPostprocessing = 0;
		};
		CompilePhase_LakestoneCoreTests /* Sources */ = {
			isa = PBXSourcesBuildPhase;
			buildActionMask = 0;
			files = (
				__src_cc_ref_Tests/LakestoneCoreTests/LakestoneCoreTests.swift /* LakestoneCoreTests.swift in Sources */,
			);
			runOnlyForDeploymentPostprocessing = 0;
		};
		CompilePhase_PerfectCURL /* Sources */ = {
			isa = PBXSourcesBuildPhase;
			buildActionMask = 0;
			files = (
				"__src_cc_ref_Packages/PerfectCURL-2.0.0/Sources/cURL.swift" /* cURL.swift in Sources */,
			);
			runOnlyForDeploymentPostprocessing = 0;
		};
		CompilePhase_PerfectLib /* Sources */ = {
			isa = PBXSourcesBuildPhase;
			buildActionMask = 0;
			files = (
				"__src_cc_ref_Packages/PerfectLib-2.0.0/Sources/PerfectLib/Bytes.swift" /* Bytes.swift in Sources */,
				"__src_cc_ref_Packages/PerfectLib-2.0.0/Sources/PerfectLib/Dir.swift" /* Dir.swift in Sources */,
				"__src_cc_ref_Packages/PerfectLib-2.0.0/Sources/PerfectLib/File.swift" /* File.swift in Sources */,
				"__src_cc_ref_Packages/PerfectLib-2.0.0/Sources/PerfectLib/JSONConvertible.swift" /* JSONConvertible.swift in Sources */,
				"__src_cc_ref_Packages/PerfectLib-2.0.0/Sources/PerfectLib/Log.swift" /* Log.swift in Sources */,
				"__src_cc_ref_Packages/PerfectLib-2.0.0/Sources/PerfectLib/PerfectError.swift" /* PerfectError.swift in Sources */,
				"__src_cc_ref_Packages/PerfectLib-2.0.0/Sources/PerfectLib/PerfectServer.swift" /* PerfectServer.swift in Sources */,
				"__src_cc_ref_Packages/PerfectLib-2.0.0/Sources/PerfectLib/SwiftCompatibility.swift" /* SwiftCompatibility.swift in Sources */,
				"__src_cc_ref_Packages/PerfectLib-2.0.0/Sources/PerfectLib/SysProcess.swift" /* SysProcess.swift in Sources */,
				"__src_cc_ref_Packages/PerfectLib-2.0.0/Sources/PerfectLib/Utilities.swift" /* Utilities.swift in Sources */,
			);
			runOnlyForDeploymentPostprocessing = 0;
		};
		CompilePhase_PerfectThread /* Sources */ = {
			isa = PBXSourcesBuildPhase;
			buildActionMask = 0;
			files = (
				"__src_cc_ref_Packages/PerfectThread-2.0.0/Sources/Threading.swift" /* Threading.swift in Sources */,
				"__src_cc_ref_Packages/PerfectThread-2.0.0/Sources/ThreadQueue.swift" /* ThreadQueue.swift in Sources */,
			);
			runOnlyForDeploymentPostprocessing = 0;
		};
/* End PBXSourcesBuildPhase section */

/* Begin PBXTargetDependency section */
		__Dependency_LakestoneCore /* PBXTargetDependency */ = {
			isa = PBXTargetDependency;
			target = "______Target_LakestoneCore" /* LakestoneCore */;
			targetProxy = 1A6049721D9141150015BA86 /* PBXContainerItemProxy */;
		};
		__Dependency_PerfectCURL /* PBXTargetDependency */ = {
			isa = PBXTargetDependency;
			target = "______Target_PerfectCURL" /* PerfectCURL */;
			targetProxy = 1A6049711D9141150015BA86 /* PBXContainerItemProxy */;
		};
		__Dependency_PerfectLib /* PBXTargetDependency */ = {
			isa = PBXTargetDependency;
			target = "______Target_PerfectLib" /* PerfectLib */;
			targetProxy = 1A6049701D9141150015BA86 /* PBXContainerItemProxy */;
		};
		__Dependency_PerfectThread /* PBXTargetDependency */ = {
			isa = PBXTargetDependency;
			target = "______Target_PerfectThread" /* PerfectThread */;
			targetProxy = 1A60496F1D9141150015BA86 /* PBXContainerItemProxy */;
		};
/* End PBXTargetDependency section */

/* Begin XCBuildConfiguration section */
		_ReleaseConf_LakestoneCore /* Release */ = {
			isa = XCBuildConfiguration;
			buildSettings = {
				ENABLE_TESTABILITY = YES;
				FRAMEWORK_SEARCH_PATHS = "$(PLATFORM_DIR)/Developer/Library/Frameworks";
				HEADER_SEARCH_PATHS = "/Users/hurden/Developer/Lakestone/LakestoneCore/Packages/cURL-2.0.0";
				INFOPLIST_FILE = LakestoneCore.xcodeproj/LakestoneCore_Info.plist;
				LD_RUNPATH_SEARCH_PATHS = "$(TOOLCHAIN_DIR)/usr/lib/swift/macosx";
				OTHER_LDFLAGS = "$(inherited)";
				OTHER_SWIFT_FLAGS = "$(inherited)";
				PRODUCT_BUNDLE_IDENTIFIER = LakestoneCore;
				PRODUCT_MODULE_NAME = "$(TARGET_NAME:c99extidentifier)";
				PRODUCT_NAME = "$(TARGET_NAME:c99extidentifier)";
				SWIFT_VERSION = 3.0;
			};
			name = Release;
		};
		_ReleaseConf_LakestoneCoreTests /* Release */ = {
			isa = XCBuildConfiguration;
			buildSettings = {
				EMBEDDED_CONTENT_CONTAINS_SWIFT = YES;
				FRAMEWORK_SEARCH_PATHS = "$(PLATFORM_DIR)/Developer/Library/Frameworks";
				HEADER_SEARCH_PATHS = "/Users/hurden/Developer/Lakestone/LakestoneCore/Packages/cURL-2.0.0";
				INFOPLIST_FILE = LakestoneCore.xcodeproj/LakestoneCoreTests_Info.plist;
				LD_RUNPATH_SEARCH_PATHS = "@loader_path/../Frameworks";
				OTHER_LDFLAGS = "$(inherited)";
				OTHER_SWIFT_FLAGS = "$(inherited)";
				SWIFT_VERSION = 3.0;
			};
			name = Release;
		};
		_ReleaseConf_PerfectCURL /* Release */ = {
			isa = XCBuildConfiguration;
			buildSettings = {
				ENABLE_TESTABILITY = YES;
				FRAMEWORK_SEARCH_PATHS = "$(PLATFORM_DIR)/Developer/Library/Frameworks";
				HEADER_SEARCH_PATHS = "/Users/hurden/Developer/Lakestone/LakestoneCore/Packages/cURL-2.0.0";
				INFOPLIST_FILE = LakestoneCore.xcodeproj/PerfectCURL_Info.plist;
				LD_RUNPATH_SEARCH_PATHS = "$(TOOLCHAIN_DIR)/usr/lib/swift/macosx";
				OTHER_LDFLAGS = "$(inherited)";
				OTHER_SWIFT_FLAGS = "$(inherited)";
				PRODUCT_BUNDLE_IDENTIFIER = PerfectCURL;
				PRODUCT_MODULE_NAME = "$(TARGET_NAME:c99extidentifier)";
				PRODUCT_NAME = "$(TARGET_NAME:c99extidentifier)";
				SWIFT_VERSION = 3.0;
			};
			name = Release;
		};
		_ReleaseConf_PerfectLib /* Release */ = {
			isa = XCBuildConfiguration;
			buildSettings = {
				ENABLE_TESTABILITY = YES;
				FRAMEWORK_SEARCH_PATHS = "$(PLATFORM_DIR)/Developer/Library/Frameworks";
				INFOPLIST_FILE = LakestoneCore.xcodeproj/PerfectLib_Info.plist;
				LD_RUNPATH_SEARCH_PATHS = "$(TOOLCHAIN_DIR)/usr/lib/swift/macosx";
				OTHER_LDFLAGS = "$(inherited)";
				OTHER_SWIFT_FLAGS = "$(inherited)";
				PRODUCT_BUNDLE_IDENTIFIER = PerfectLib;
				PRODUCT_MODULE_NAME = "$(TARGET_NAME:c99extidentifier)";
				PRODUCT_NAME = "$(TARGET_NAME:c99extidentifier)";
				SWIFT_VERSION = 3.0;
			};
			name = Release;
		};
		_ReleaseConf_PerfectThread /* Release */ = {
			isa = XCBuildConfiguration;
			buildSettings = {
				ENABLE_TESTABILITY = YES;
				FRAMEWORK_SEARCH_PATHS = "$(PLATFORM_DIR)/Developer/Library/Frameworks";
				INFOPLIST_FILE = LakestoneCore.xcodeproj/PerfectThread_Info.plist;
				LD_RUNPATH_SEARCH_PATHS = "$(TOOLCHAIN_DIR)/usr/lib/swift/macosx";
				OTHER_LDFLAGS = "$(inherited)";
				OTHER_SWIFT_FLAGS = "$(inherited)";
				PRODUCT_BUNDLE_IDENTIFIER = PerfectThread;
				PRODUCT_MODULE_NAME = "$(TARGET_NAME:c99extidentifier)";
				PRODUCT_NAME = "$(TARGET_NAME:c99extidentifier)";
				SWIFT_VERSION = 3.0;
			};
			name = Release;
		};
		"___DebugConf_LakestoneCore" /* Debug */ = {
			isa = XCBuildConfiguration;
			buildSettings = {
				ENABLE_TESTABILITY = YES;
				FRAMEWORK_SEARCH_PATHS = "$(PLATFORM_DIR)/Developer/Library/Frameworks";
				HEADER_SEARCH_PATHS = "/Users/hurden/Developer/Lakestone/LakestoneCore/Packages/cURL-2.0.0";
				INFOPLIST_FILE = LakestoneCore.xcodeproj/LakestoneCore_Info.plist;
				LD_RUNPATH_SEARCH_PATHS = "$(TOOLCHAIN_DIR)/usr/lib/swift/macosx";
				OTHER_LDFLAGS = "$(inherited)";
				OTHER_SWIFT_FLAGS = "$(inherited)";
				PRODUCT_BUNDLE_IDENTIFIER = LakestoneCore;
				PRODUCT_MODULE_NAME = "$(TARGET_NAME:c99extidentifier)";
				PRODUCT_NAME = "$(TARGET_NAME:c99extidentifier)";
				SWIFT_OPTIMIZATION_LEVEL = "-Onone";
				SWIFT_VERSION = 3.0;
			};
			name = Debug;
		};
		"___DebugConf_LakestoneCoreTests" /* Debug */ = {
			isa = XCBuildConfiguration;
			buildSettings = {
				EMBEDDED_CONTENT_CONTAINS_SWIFT = YES;
				FRAMEWORK_SEARCH_PATHS = "$(PLATFORM_DIR)/Developer/Library/Frameworks";
				HEADER_SEARCH_PATHS = "/Users/hurden/Developer/Lakestone/LakestoneCore/Packages/cURL-2.0.0";
				INFOPLIST_FILE = LakestoneCore.xcodeproj/LakestoneCoreTests_Info.plist;
				LD_RUNPATH_SEARCH_PATHS = "@loader_path/../Frameworks";
				OTHER_LDFLAGS = "$(inherited)";
				OTHER_SWIFT_FLAGS = "$(inherited)";
				SWIFT_OPTIMIZATION_LEVEL = "-Onone";
				SWIFT_VERSION = 3.0;
			};
			name = Debug;
		};
		"___DebugConf_PerfectCURL" /* Debug */ = {
			isa = XCBuildConfiguration;
			buildSettings = {
				ENABLE_TESTABILITY = YES;
				FRAMEWORK_SEARCH_PATHS = "$(PLATFORM_DIR)/Developer/Library/Frameworks";
				HEADER_SEARCH_PATHS = "/Users/hurden/Developer/Lakestone/LakestoneCore/Packages/cURL-2.0.0";
				INFOPLIST_FILE = LakestoneCore.xcodeproj/PerfectCURL_Info.plist;
				LD_RUNPATH_SEARCH_PATHS = "$(TOOLCHAIN_DIR)/usr/lib/swift/macosx";
				OTHER_LDFLAGS = "$(inherited)";
				OTHER_SWIFT_FLAGS = "$(inherited)";
				PRODUCT_BUNDLE_IDENTIFIER = PerfectCURL;
				PRODUCT_MODULE_NAME = "$(TARGET_NAME:c99extidentifier)";
				PRODUCT_NAME = "$(TARGET_NAME:c99extidentifier)";
				SWIFT_OPTIMIZATION_LEVEL = "-Onone";
				SWIFT_VERSION = 3.0;
			};
			name = Debug;
		};
		"___DebugConf_PerfectLib" /* Debug */ = {
			isa = XCBuildConfiguration;
			buildSettings = {
				ENABLE_TESTABILITY = YES;
				FRAMEWORK_SEARCH_PATHS = "$(PLATFORM_DIR)/Developer/Library/Frameworks";
				INFOPLIST_FILE = LakestoneCore.xcodeproj/PerfectLib_Info.plist;
				LD_RUNPATH_SEARCH_PATHS = "$(TOOLCHAIN_DIR)/usr/lib/swift/macosx";
				OTHER_LDFLAGS = "$(inherited)";
				OTHER_SWIFT_FLAGS = "$(inherited)";
				PRODUCT_BUNDLE_IDENTIFIER = PerfectLib;
				PRODUCT_MODULE_NAME = "$(TARGET_NAME:c99extidentifier)";
				PRODUCT_NAME = "$(TARGET_NAME:c99extidentifier)";
				SWIFT_OPTIMIZATION_LEVEL = "-Onone";
				SWIFT_VERSION = 3.0;
			};
			name = Debug;
		};
		"___DebugConf_PerfectThread" /* Debug */ = {
			isa = XCBuildConfiguration;
			buildSettings = {
				ENABLE_TESTABILITY = YES;
				FRAMEWORK_SEARCH_PATHS = "$(PLATFORM_DIR)/Developer/Library/Frameworks";
				INFOPLIST_FILE = LakestoneCore.xcodeproj/PerfectThread_Info.plist;
				LD_RUNPATH_SEARCH_PATHS = "$(TOOLCHAIN_DIR)/usr/lib/swift/macosx";
				OTHER_LDFLAGS = "$(inherited)";
				OTHER_SWIFT_FLAGS = "$(inherited)";
				PRODUCT_BUNDLE_IDENTIFIER = PerfectThread;
				PRODUCT_MODULE_NAME = "$(TARGET_NAME:c99extidentifier)";
				PRODUCT_NAME = "$(TARGET_NAME:c99extidentifier)";
				SWIFT_OPTIMIZATION_LEVEL = "-Onone";
				SWIFT_VERSION = 3.0;
			};
			name = Debug;
		};
		"_____Release_" /* Release */ = {
			isa = XCBuildConfiguration;
			baseConfigurationReference = __PBXFileRef_LakestoneCore.xcodeproj/Configs/Project.xcconfig /* LakestoneCore.xcodeproj/Configs/Project.xcconfig */;
			buildSettings = {
			};
			name = Release;
		};
		"_______Debug_" /* Debug */ = {
			isa = XCBuildConfiguration;
			baseConfigurationReference = __PBXFileRef_LakestoneCore.xcodeproj/Configs/Project.xcconfig /* LakestoneCore.xcodeproj/Configs/Project.xcconfig */;
			buildSettings = {
			};
			name = Debug;
		};
/* End XCBuildConfiguration section */

/* Begin XCConfigurationList section */
		"___RootConfs_" /* Build configuration list for PBXProject "LakestoneCore" */ = {
			isa = XCConfigurationList;
			buildConfigurations = (
				"_______Debug_" /* Debug */,
				"_____Release_" /* Release */,
			);
			defaultConfigurationIsVisible = 0;
			defaultConfigurationName = Debug;
		};
		"_______Confs_LakestoneCore" /* Build configuration list for PBXNativeTarget "LakestoneCore" */ = {
			isa = XCConfigurationList;
			buildConfigurations = (
				"___DebugConf_LakestoneCore" /* Debug */,
				_ReleaseConf_LakestoneCore /* Release */,
			);
			defaultConfigurationIsVisible = 0;
			defaultConfigurationName = Debug;
		};
		"_______Confs_LakestoneCoreTests" /* Build configuration list for PBXNativeTarget "LakestoneCoreTests" */ = {
			isa = XCConfigurationList;
			buildConfigurations = (
				"___DebugConf_LakestoneCoreTests" /* Debug */,
				_ReleaseConf_LakestoneCoreTests /* Release */,
			);
			defaultConfigurationIsVisible = 0;
			defaultConfigurationName = Debug;
		};
		"_______Confs_PerfectCURL" /* Build configuration list for PBXNativeTarget "PerfectCURL" */ = {
			isa = XCConfigurationList;
			buildConfigurations = (
				"___DebugConf_PerfectCURL" /* Debug */,
				_ReleaseConf_PerfectCURL /* Release */,
			);
			defaultConfigurationIsVisible = 0;
			defaultConfigurationName = Debug;
		};
		"_______Confs_PerfectLib" /* Build configuration list for PBXNativeTarget "PerfectLib" */ = {
			isa = XCConfigurationList;
			buildConfigurations = (
				"___DebugConf_PerfectLib" /* Debug */,
				_ReleaseConf_PerfectLib /* Release */,
			);
			defaultConfigurationIsVisible = 0;
			defaultConfigurationName = Debug;
		};
		"_______Confs_PerfectThread" /* Build configuration list for PBXNativeTarget "PerfectThread" */ = {
			isa = XCConfigurationList;
			buildConfigurations = (
				"___DebugConf_PerfectThread" /* Debug */,
				_ReleaseConf_PerfectThread /* Release */,
			);
			defaultConfigurationIsVisible = 0;
			defaultConfigurationName = Debug;
		};
/* End XCConfigurationList section */
	};
	rootObject = __RootObject_ /* Project object */;
}
