// !$*UTF8*$!
{
	archiveVersion = 1;
	classes = {
	};
	objectVersion = 46;
	objects = {

/* Begin PBXBuildFile section */
		1AA3284A1DA4E5AF00A54D0A /* LakestoneCoreTestsIOS.swift in Sources */ = {isa = PBXBuildFile; fileRef = 1AA328491DA4E5AF00A54D0A /* LakestoneCoreTestsIOS.swift */; };
		1AA3284F1DA4E5BD00A54D0A /* LakestoneCore.framework in Frameworks */ = {isa = PBXBuildFile; fileRef = "_____Product_LakestoneCore" /* LakestoneCore.framework */; };
		1AA328501DA4E5BF00A54D0A /* PerfectCURL.framework in Frameworks */ = {isa = PBXBuildFile; fileRef = "_____Product_PerfectCURL" /* PerfectCURL.framework */; };
		1AA328511DA4E5C100A54D0A /* PerfectThread.framework in Frameworks */ = {isa = PBXBuildFile; fileRef = "_____Product_PerfectThread" /* PerfectThread.framework */; };
		1AA328541DA4E5C900A54D0A /* libxml2.tbd in Frameworks */ = {isa = PBXBuildFile; fileRef = 1AA328531DA4E5C900A54D0A /* libxml2.tbd */; };
		1AA328561DA4E5D800A54D0A /* libxml2.tbd in Frameworks */ = {isa = PBXBuildFile; fileRef = 1AA328551DA4E5D800A54D0A /* libxml2.tbd */; };
		1AA328571DA4E66200A54D0A /* TestCustomSerialization.swift in Sources */ = {isa = PBXBuildFile; fileRef = __PBXFileRef_Tests/LakestoneCoreTests/TestCustomSerialization.swift /* TestCustomSerialization.swift */; };
		1AA328581DA4E66400A54D0A /* TestData.swift in Sources */ = {isa = PBXBuildFile; fileRef = __PBXFileRef_Tests/LakestoneCoreTests/TestData.swift /* TestData.swift */; };
		1AA328591DA4E66700A54D0A /* TestDate.swift in Sources */ = {isa = PBXBuildFile; fileRef = __PBXFileRef_Tests/LakestoneCoreTests/TestDate.swift /* TestDate.swift */; };
		1AA3285A1DA4E66A00A54D0A /* TestDirectory.swift in Sources */ = {isa = PBXBuildFile; fileRef = __PBXFileRef_Tests/LakestoneCoreTests/TestDirectory.swift /* TestDirectory.swift */; };
		1AA3285B1DA4E66D00A54D0A /* TestFile.swift in Sources */ = {isa = PBXBuildFile; fileRef = __PBXFileRef_Tests/LakestoneCoreTests/TestFile.swift /* TestFile.swift */; };
		1AA3285C1DA4E66F00A54D0A /* TestHTTP.swift in Sources */ = {isa = PBXBuildFile; fileRef = __PBXFileRef_Tests/LakestoneCoreTests/TestHTTP.swift /* TestHTTP.swift */; };
		1AA3285D1DA4E67200A54D0A /* TestJSONSerialization.swift in Sources */ = {isa = PBXBuildFile; fileRef = __PBXFileRef_Tests/LakestoneCoreTests/TestJSONSerialization.swift /* TestJSONSerialization.swift */; };
		1AA3285E1DA4E67400A54D0A /* TestString.swift in Sources */ = {isa = PBXBuildFile; fileRef = __PBXFileRef_Tests/LakestoneCoreTests/TestString.swift /* TestString.swift */; };
		1AA3285F1DA4E67700A54D0A /* TestURL.swift in Sources */ = {isa = PBXBuildFile; fileRef = __PBXFileRef_Tests/LakestoneCoreTests/TestURL.swift /* TestURL.swift */; };
		1AA328601DA4E67A00A54D0A /* testUtilities.swift in Sources */ = {isa = PBXBuildFile; fileRef = __PBXFileRef_Tests/LakestoneCoreTests/testUtilities.swift /* testUtilities.swift */; };
		1AA328611DA4E67C00A54D0A /* TestUUID.swift in Sources */ = {isa = PBXBuildFile; fileRef = __PBXFileRef_Tests/LakestoneCoreTests/TestUUID.swift /* TestUUID.swift */; };
		1AA328631DA4EAA500A54D0A /* raster_digitalglobe.json in Resources */ = {isa = PBXBuildFile; fileRef = 1AA328621DA4EAA500A54D0A /* raster_digitalglobe.json */; };
		1AA328651DA5039D00A54D0A /* TestXMLSerialization.swift in Sources */ = {isa = PBXBuildFile; fileRef = 1AA328641DA5039D00A54D0A /* TestXMLSerialization.swift */; };
		1AA328661DA5039D00A54D0A /* TestXMLSerialization.swift in Sources */ = {isa = PBXBuildFile; fileRef = 1AA328641DA5039D00A54D0A /* TestXMLSerialization.swift */; };
		1AA3287A1DA50ED400A54D0A /* cURL.swift in Sources */ = {isa = PBXBuildFile; fileRef = 1AA328781DA50ECC00A54D0A /* cURL.swift */; };
		1AA3287E1DA5113D00A54D0A /* Threading.swift in Sources */ = {isa = PBXBuildFile; fileRef = 1AA3287C1DA5113D00A54D0A /* Threading.swift */; };
		1AA3287F1DA5113D00A54D0A /* ThreadQueue.swift in Sources */ = {isa = PBXBuildFile; fileRef = 1AA3287D1DA5113D00A54D0A /* ThreadQueue.swift */; };
		_LinkFileRef_LakestoneCore_via_LakestoneCoreTests /* LakestoneCore.framework in Frameworks */ = {isa = PBXBuildFile; fileRef = "_____Product_LakestoneCore" /* LakestoneCore.framework */; };
		_LinkFileRef_PerfectCURL_via_LakestoneCore /* PerfectCURL.framework in Frameworks */ = {isa = PBXBuildFile; fileRef = "_____Product_PerfectCURL" /* PerfectCURL.framework */; };
		_LinkFileRef_PerfectCURL_via_LakestoneCoreTests /* PerfectCURL.framework in Frameworks */ = {isa = PBXBuildFile; fileRef = "_____Product_PerfectCURL" /* PerfectCURL.framework */; };
		_LinkFileRef_PerfectThread_via_LakestoneCore /* PerfectThread.framework in Frameworks */ = {isa = PBXBuildFile; fileRef = "_____Product_PerfectThread" /* PerfectThread.framework */; };
		_LinkFileRef_PerfectThread_via_LakestoneCoreTests /* PerfectThread.framework in Frameworks */ = {isa = PBXBuildFile; fileRef = "_____Product_PerfectThread" /* PerfectThread.framework */; };
		_LinkFileRef_PerfectThread_via_PerfectCURL /* PerfectThread.framework in Frameworks */ = {isa = PBXBuildFile; fileRef = "_____Product_PerfectThread" /* PerfectThread.framework */; };
		__src_cc_ref_Source/AnyFileOrDirectory.swift /* AnyFileOrDirectory.swift in Sources */ = {isa = PBXBuildFile; fileRef = __PBXFileRef_Source/AnyFileOrDirectory.swift /* AnyFileOrDirectory.swift */; };
		__src_cc_ref_Source/CustomSerialization.swift /* CustomSerialization.swift in Sources */ = {isa = PBXBuildFile; fileRef = __PBXFileRef_Source/CustomSerialization.swift /* CustomSerialization.swift */; };
		__src_cc_ref_Source/Directory.swift /* Directory.swift in Sources */ = {isa = PBXBuildFile; fileRef = __PBXFileRef_Source/Directory.swift /* Directory.swift */; };
		__src_cc_ref_Source/File.swift /* File.swift in Sources */ = {isa = PBXBuildFile; fileRef = __PBXFileRef_Source/File.swift /* File.swift */; };
		__src_cc_ref_Source/HTTP.swift /* HTTP.swift in Sources */ = {isa = PBXBuildFile; fileRef = __PBXFileRef_Source/HTTP.swift /* HTTP.swift */; };
		__src_cc_ref_Source/JSONSerialization.swift /* JSONSerialization.swift in Sources */ = {isa = PBXBuildFile; fileRef = __PBXFileRef_Source/JSONSerialization.swift /* JSONSerialization.swift */; };
		__src_cc_ref_Source/LakestoneError.swift /* LakestoneError.swift in Sources */ = {isa = PBXBuildFile; fileRef = __PBXFileRef_Source/LakestoneError.swift /* LakestoneError.swift */; };
		__src_cc_ref_Source/Threading.swift /* Threading.swift in Sources */ = {isa = PBXBuildFile; fileRef = __PBXFileRef_Source/Threading.swift /* Threading.swift */; };
		__src_cc_ref_Source/XMLSerialization.swift /* XMLSerialization.swift in Sources */ = {isa = PBXBuildFile; fileRef = __PBXFileRef_Source/XMLSerialization.swift /* XMLSerialization.swift */; };
		__src_cc_ref_Source/alliases.swift /* alliases.swift in Sources */ = {isa = PBXBuildFile; fileRef = __PBXFileRef_Source/alliases.swift /* alliases.swift */; };
		__src_cc_ref_Source/extension_Data.swift /* extension_Data.swift in Sources */ = {isa = PBXBuildFile; fileRef = __PBXFileRef_Source/extension_Data.swift /* extension_Data.swift */; };
		__src_cc_ref_Source/extension_Date.swift /* extension_Date.swift in Sources */ = {isa = PBXBuildFile; fileRef = __PBXFileRef_Source/extension_Date.swift /* extension_Date.swift */; };
		__src_cc_ref_Source/extension_String.swift /* extension_String.swift in Sources */ = {isa = PBXBuildFile; fileRef = __PBXFileRef_Source/extension_String.swift /* extension_String.swift */; };
		__src_cc_ref_Source/extension_URL.swift /* extension_URL.swift in Sources */ = {isa = PBXBuildFile; fileRef = __PBXFileRef_Source/extension_URL.swift /* extension_URL.swift */; };
		__src_cc_ref_Source/extension_UUID.swift /* extension_UUID.swift in Sources */ = {isa = PBXBuildFile; fileRef = __PBXFileRef_Source/extension_UUID.swift /* extension_UUID.swift */; };
		__src_cc_ref_Tests/LakestoneCoreTests/TestCustomSerialization.swift /* TestCustomSerialization.swift in Sources */ = {isa = PBXBuildFile; fileRef = __PBXFileRef_Tests/LakestoneCoreTests/TestCustomSerialization.swift /* TestCustomSerialization.swift */; };
		__src_cc_ref_Tests/LakestoneCoreTests/TestData.swift /* TestData.swift in Sources */ = {isa = PBXBuildFile; fileRef = __PBXFileRef_Tests/LakestoneCoreTests/TestData.swift /* TestData.swift */; };
		__src_cc_ref_Tests/LakestoneCoreTests/TestDate.swift /* TestDate.swift in Sources */ = {isa = PBXBuildFile; fileRef = __PBXFileRef_Tests/LakestoneCoreTests/TestDate.swift /* TestDate.swift */; };
		__src_cc_ref_Tests/LakestoneCoreTests/TestDirectory.swift /* TestDirectory.swift in Sources */ = {isa = PBXBuildFile; fileRef = __PBXFileRef_Tests/LakestoneCoreTests/TestDirectory.swift /* TestDirectory.swift */; };
		__src_cc_ref_Tests/LakestoneCoreTests/TestFile.swift /* TestFile.swift in Sources */ = {isa = PBXBuildFile; fileRef = __PBXFileRef_Tests/LakestoneCoreTests/TestFile.swift /* TestFile.swift */; };
		__src_cc_ref_Tests/LakestoneCoreTests/TestHTTP.swift /* TestHTTP.swift in Sources */ = {isa = PBXBuildFile; fileRef = __PBXFileRef_Tests/LakestoneCoreTests/TestHTTP.swift /* TestHTTP.swift */; };
		__src_cc_ref_Tests/LakestoneCoreTests/TestJSONSerialization.swift /* TestJSONSerialization.swift in Sources */ = {isa = PBXBuildFile; fileRef = __PBXFileRef_Tests/LakestoneCoreTests/TestJSONSerialization.swift /* TestJSONSerialization.swift */; };
		__src_cc_ref_Tests/LakestoneCoreTests/TestString.swift /* TestString.swift in Sources */ = {isa = PBXBuildFile; fileRef = __PBXFileRef_Tests/LakestoneCoreTests/TestString.swift /* TestString.swift */; };
		__src_cc_ref_Tests/LakestoneCoreTests/TestURL.swift /* TestURL.swift in Sources */ = {isa = PBXBuildFile; fileRef = __PBXFileRef_Tests/LakestoneCoreTests/TestURL.swift /* TestURL.swift */; };
		__src_cc_ref_Tests/LakestoneCoreTests/TestUUID.swift /* TestUUID.swift in Sources */ = {isa = PBXBuildFile; fileRef = __PBXFileRef_Tests/LakestoneCoreTests/TestUUID.swift /* TestUUID.swift */; };
		__src_cc_ref_Tests/LakestoneCoreTests/testUtilities.swift /* testUtilities.swift in Sources */ = {isa = PBXBuildFile; fileRef = __PBXFileRef_Tests/LakestoneCoreTests/testUtilities.swift /* testUtilities.swift */; };
/* End PBXBuildFile section */

/* Begin PBXContainerItemProxy section */
		1AA328341DA4E20900A54D0A /* PBXContainerItemProxy */ = {
			isa = PBXContainerItemProxy;
			containerPortal = __RootObject_ /* Project object */;
			proxyType = 1;
			remoteGlobalIDString = "______Target_PerfectThread";
			remoteInfo = PerfectThread;
		};
		1AA328351DA4E20900A54D0A /* PBXContainerItemProxy */ = {
			isa = PBXContainerItemProxy;
			containerPortal = __RootObject_ /* Project object */;
			proxyType = 1;
			remoteGlobalIDString = "______Target_PerfectCURL";
			remoteInfo = PerfectCURL;
		};
		1AA328361DA4E20900A54D0A /* PBXContainerItemProxy */ = {
			isa = PBXContainerItemProxy;
			containerPortal = __RootObject_ /* Project object */;
			proxyType = 1;
			remoteGlobalIDString = "______Target_LakestoneCore";
			remoteInfo = LakestoneCore;
		};
/* End PBXContainerItemProxy section */

/* Begin PBXFileReference section */
		1AA328471DA4E5AF00A54D0A /* LakestoneCoreTestsIOS.xctest */ = {isa = PBXFileReference; explicitFileType = wrapper.cfbundle; includeInIndex = 0; path = LakestoneCoreTestsIOS.xctest; sourceTree = BUILT_PRODUCTS_DIR; };
		1AA328491DA4E5AF00A54D0A /* LakestoneCoreTestsIOS.swift */ = {isa = PBXFileReference; lastKnownFileType = sourcecode.swift; path = LakestoneCoreTestsIOS.swift; sourceTree = "<group>"; };
		1AA3284B1DA4E5AF00A54D0A /* Info.plist */ = {isa = PBXFileReference; lastKnownFileType = text.plist.xml; path = Info.plist; sourceTree = "<group>"; };
		1AA328531DA4E5C900A54D0A /* libxml2.tbd */ = {isa = PBXFileReference; lastKnownFileType = "sourcecode.text-based-dylib-definition"; name = libxml2.tbd; path = usr/lib/libxml2.tbd; sourceTree = SDKROOT; };
		1AA328551DA4E5D800A54D0A /* libxml2.tbd */ = {isa = PBXFileReference; lastKnownFileType = "sourcecode.text-based-dylib-definition"; name = libxml2.tbd; path = Platforms/iPhoneOS.platform/Developer/SDKs/iPhoneOS10.0.sdk/usr/lib/libxml2.tbd; sourceTree = DEVELOPER_DIR; };
		1AA328621DA4EAA500A54D0A /* raster_digitalglobe.json */ = {isa = PBXFileReference; fileEncoding = 4; lastKnownFileType = text.json; name = raster_digitalglobe.json; path = ../../_temp/LakestoneCoreIOSTests/raster_digitalglobe.json; sourceTree = "<group>"; };
		1AA328641DA5039D00A54D0A /* TestXMLSerialization.swift */ = {isa = PBXFileReference; fileEncoding = 4; lastKnownFileType = sourcecode.swift; path = TestXMLSerialization.swift; sourceTree = "<group>"; };
		1AA328781DA50ECC00A54D0A /* cURL.swift */ = {isa = PBXFileReference; fileEncoding = 4; lastKnownFileType = sourcecode.swift; path = cURL.swift; sourceTree = "<group>"; };
		1AA3287C1DA5113D00A54D0A /* Threading.swift */ = {isa = PBXFileReference; fileEncoding = 4; lastKnownFileType = sourcecode.swift; path = Threading.swift; sourceTree = "<group>"; };
		1AA3287D1DA5113D00A54D0A /* ThreadQueue.swift */ = {isa = PBXFileReference; fileEncoding = 4; lastKnownFileType = sourcecode.swift; path = ThreadQueue.swift; sourceTree = "<group>"; };
		__PBXFileRef_LakestoneCore.xcodeproj/Configs/Project.xcconfig /* LakestoneCore.xcodeproj/Configs/Project.xcconfig */ = {isa = PBXFileReference; lastKnownFileType = text.xcconfig; path = LakestoneCore.xcodeproj/Configs/Project.xcconfig; sourceTree = "<group>"; };
		__PBXFileRef_Package.swift /* Package.swift */ = {isa = PBXFileReference; lastKnownFileType = sourcecode.swift; path = Package.swift; sourceTree = "<group>"; };
		__PBXFileRef_Source/AnyFileOrDirectory.swift /* AnyFileOrDirectory.swift */ = {isa = PBXFileReference; lastKnownFileType = sourcecode.swift; path = AnyFileOrDirectory.swift; sourceTree = "<group>"; };
		__PBXFileRef_Source/CustomSerialization.swift /* CustomSerialization.swift */ = {isa = PBXFileReference; lastKnownFileType = sourcecode.swift; path = CustomSerialization.swift; sourceTree = "<group>"; };
		__PBXFileRef_Source/Directory.swift /* Directory.swift */ = {isa = PBXFileReference; lastKnownFileType = sourcecode.swift; path = Directory.swift; sourceTree = "<group>"; };
		__PBXFileRef_Source/File.swift /* File.swift */ = {isa = PBXFileReference; lastKnownFileType = sourcecode.swift; path = File.swift; sourceTree = "<group>"; };
		__PBXFileRef_Source/HTTP.swift /* HTTP.swift */ = {isa = PBXFileReference; lastKnownFileType = sourcecode.swift; path = HTTP.swift; sourceTree = "<group>"; };
		__PBXFileRef_Source/JSONSerialization.swift /* JSONSerialization.swift */ = {isa = PBXFileReference; lastKnownFileType = sourcecode.swift; path = JSONSerialization.swift; sourceTree = "<group>"; };
		__PBXFileRef_Source/LakestoneError.swift /* LakestoneError.swift */ = {isa = PBXFileReference; lastKnownFileType = sourcecode.swift; path = LakestoneError.swift; sourceTree = "<group>"; };
		__PBXFileRef_Source/Threading.swift /* Threading.swift */ = {isa = PBXFileReference; lastKnownFileType = sourcecode.swift; path = Threading.swift; sourceTree = "<group>"; };
		__PBXFileRef_Source/XMLSerialization.swift /* XMLSerialization.swift */ = {isa = PBXFileReference; lastKnownFileType = sourcecode.swift; path = XMLSerialization.swift; sourceTree = "<group>"; };
		__PBXFileRef_Source/alliases.swift /* alliases.swift */ = {isa = PBXFileReference; lastKnownFileType = sourcecode.swift; path = alliases.swift; sourceTree = "<group>"; };
		__PBXFileRef_Source/extension_Data.swift /* extension_Data.swift */ = {isa = PBXFileReference; lastKnownFileType = sourcecode.swift; path = extension_Data.swift; sourceTree = "<group>"; };
		__PBXFileRef_Source/extension_Date.swift /* extension_Date.swift */ = {isa = PBXFileReference; lastKnownFileType = sourcecode.swift; path = extension_Date.swift; sourceTree = "<group>"; };
		__PBXFileRef_Source/extension_String.swift /* extension_String.swift */ = {isa = PBXFileReference; lastKnownFileType = sourcecode.swift; path = extension_String.swift; sourceTree = "<group>"; };
		__PBXFileRef_Source/extension_URL.swift /* extension_URL.swift */ = {isa = PBXFileReference; lastKnownFileType = sourcecode.swift; path = extension_URL.swift; sourceTree = "<group>"; };
		__PBXFileRef_Source/extension_UUID.swift /* extension_UUID.swift */ = {isa = PBXFileReference; lastKnownFileType = sourcecode.swift; path = extension_UUID.swift; sourceTree = "<group>"; };
		__PBXFileRef_Tests/LakestoneCoreTests/TestCustomSerialization.swift /* TestCustomSerialization.swift */ = {isa = PBXFileReference; lastKnownFileType = sourcecode.swift; path = TestCustomSerialization.swift; sourceTree = "<group>"; };
		__PBXFileRef_Tests/LakestoneCoreTests/TestData.swift /* TestData.swift */ = {isa = PBXFileReference; lastKnownFileType = sourcecode.swift; path = TestData.swift; sourceTree = "<group>"; };
		__PBXFileRef_Tests/LakestoneCoreTests/TestDate.swift /* TestDate.swift */ = {isa = PBXFileReference; lastKnownFileType = sourcecode.swift; path = TestDate.swift; sourceTree = "<group>"; };
		__PBXFileRef_Tests/LakestoneCoreTests/TestDirectory.swift /* TestDirectory.swift */ = {isa = PBXFileReference; lastKnownFileType = sourcecode.swift; path = TestDirectory.swift; sourceTree = "<group>"; };
		__PBXFileRef_Tests/LakestoneCoreTests/TestFile.swift /* TestFile.swift */ = {isa = PBXFileReference; lastKnownFileType = sourcecode.swift; path = TestFile.swift; sourceTree = "<group>"; };
		__PBXFileRef_Tests/LakestoneCoreTests/TestHTTP.swift /* TestHTTP.swift */ = {isa = PBXFileReference; lastKnownFileType = sourcecode.swift; path = TestHTTP.swift; sourceTree = "<group>"; };
		__PBXFileRef_Tests/LakestoneCoreTests/TestJSONSerialization.swift /* TestJSONSerialization.swift */ = {isa = PBXFileReference; lastKnownFileType = sourcecode.swift; path = TestJSONSerialization.swift; sourceTree = "<group>"; };
		__PBXFileRef_Tests/LakestoneCoreTests/TestString.swift /* TestString.swift */ = {isa = PBXFileReference; lastKnownFileType = sourcecode.swift; path = TestString.swift; sourceTree = "<group>"; };
		__PBXFileRef_Tests/LakestoneCoreTests/TestURL.swift /* TestURL.swift */ = {isa = PBXFileReference; lastKnownFileType = sourcecode.swift; path = TestURL.swift; sourceTree = "<group>"; };
		__PBXFileRef_Tests/LakestoneCoreTests/TestUUID.swift /* TestUUID.swift */ = {isa = PBXFileReference; lastKnownFileType = sourcecode.swift; path = TestUUID.swift; sourceTree = "<group>"; };
		__PBXFileRef_Tests/LakestoneCoreTests/testUtilities.swift /* testUtilities.swift */ = {isa = PBXFileReference; lastKnownFileType = sourcecode.swift; path = testUtilities.swift; sourceTree = "<group>"; };
		"_____Product_LakestoneCore" /* LakestoneCore.framework */ = {isa = PBXFileReference; explicitFileType = wrapper.framework; path = LakestoneCore.framework; sourceTree = BUILT_PRODUCTS_DIR; };
		"_____Product_LakestoneCoreTests" /* LakestoneCoreTests.xctest */ = {isa = PBXFileReference; explicitFileType = wrapper.cfbundle; path = LakestoneCoreTests.xctest; sourceTree = BUILT_PRODUCTS_DIR; };
		"_____Product_PerfectCURL" /* PerfectCURL.framework */ = {isa = PBXFileReference; explicitFileType = wrapper.framework; path = PerfectCURL.framework; sourceTree = BUILT_PRODUCTS_DIR; };
		"_____Product_PerfectThread" /* PerfectThread.framework */ = {isa = PBXFileReference; explicitFileType = wrapper.framework; path = PerfectThread.framework; sourceTree = BUILT_PRODUCTS_DIR; };
/* End PBXFileReference section */

/* Begin PBXFrameworksBuildPhase section */
		1AA328441DA4E5AF00A54D0A /* Frameworks */ = {
			isa = PBXFrameworksBuildPhase;
			buildActionMask = 2147483647;
			files = (
				1AA328561DA4E5D800A54D0A /* libxml2.tbd in Frameworks */,
				1AA328511DA4E5C100A54D0A /* PerfectThread.framework in Frameworks */,
				1AA328501DA4E5BF00A54D0A /* PerfectCURL.framework in Frameworks */,
				1AA3284F1DA4E5BD00A54D0A /* LakestoneCore.framework in Frameworks */,
			);
			runOnlyForDeploymentPostprocessing = 0;
		};
		"___LinkPhase_LakestoneCore" /* Frameworks */ = {
			isa = PBXFrameworksBuildPhase;
			buildActionMask = 0;
			files = (
				1AA328541DA4E5C900A54D0A /* libxml2.tbd in Frameworks */,
				_LinkFileRef_PerfectThread_via_LakestoneCore /* PerfectThread.framework in Frameworks */,
				_LinkFileRef_PerfectCURL_via_LakestoneCore /* PerfectCURL.framework in Frameworks */,
			);
			runOnlyForDeploymentPostprocessing = 0;
		};
		"___LinkPhase_LakestoneCoreTests" /* Frameworks */ = {
			isa = PBXFrameworksBuildPhase;
			buildActionMask = 0;
			files = (
				_LinkFileRef_PerfectThread_via_LakestoneCoreTests /* PerfectThread.framework in Frameworks */,
				_LinkFileRef_PerfectCURL_via_LakestoneCoreTests /* PerfectCURL.framework in Frameworks */,
				_LinkFileRef_LakestoneCore_via_LakestoneCoreTests /* LakestoneCore.framework in Frameworks */,
			);
			runOnlyForDeploymentPostprocessing = 0;
		};
		"___LinkPhase_PerfectCURL" /* Frameworks */ = {
			isa = PBXFrameworksBuildPhase;
			buildActionMask = 0;
			files = (
				_LinkFileRef_PerfectThread_via_PerfectCURL /* PerfectThread.framework in Frameworks */,
			);
			runOnlyForDeploymentPostprocessing = 0;
		};
		"___LinkPhase_PerfectThread" /* Frameworks */ = {
			isa = PBXFrameworksBuildPhase;
			buildActionMask = 0;
			files = (
			);
			runOnlyForDeploymentPostprocessing = 0;
		};
/* End PBXFrameworksBuildPhase section */

/* Begin PBXGroup section */
		1AA328481DA4E5AF00A54D0A /* LakestoneCoreTestsIOS */ = {
			isa = PBXGroup;
			children = (
				1AA328621DA4EAA500A54D0A /* raster_digitalglobe.json */,
				1AA328491DA4E5AF00A54D0A /* LakestoneCoreTestsIOS.swift */,
				1AA3284B1DA4E5AF00A54D0A /* Info.plist */,
			);
			path = LakestoneCoreTestsIOS;
			sourceTree = "<group>";
		};
		1AA328521DA4E5C900A54D0A /* Frameworks */ = {
			isa = PBXGroup;
			children = (
				1AA328551DA4E5D800A54D0A /* libxml2.tbd */,
				1AA328531DA4E5C900A54D0A /* libxml2.tbd */,
			);
			name = Frameworks;
			sourceTree = "<group>";
		};
		1AA328771DA50ECC00A54D0A /* PerfectCURL */ = {
			isa = PBXGroup;
			children = (
				1AA328781DA50ECC00A54D0A /* cURL.swift */,
			);
			name = PerfectCURL;
			path = "Packages/PerfectCURL-0.100.1/Sources";
			sourceTree = "<group>";
		};
		1AA3287B1DA5113D00A54D0A /* PerfectThread */ = {
			isa = PBXGroup;
			children = (
				1AA3287C1DA5113D00A54D0A /* Threading.swift */,
				1AA3287D1DA5113D00A54D0A /* ThreadQueue.swift */,
			);
			name = PerfectThread;
			path = "Packages/PerfectThread-0.100.1/Sources";
			sourceTree = "<group>";
		};
		Dependencies_ /* Dependencies */ = {
			isa = PBXGroup;
			children = (
				1AA3287B1DA5113D00A54D0A /* PerfectThread */,
				1AA328771DA50ECC00A54D0A /* PerfectCURL */,
			);
			name = Dependencies;
			sourceTree = "<group>";
		};
		TestProducts_ /* Tests */ = {
			isa = PBXGroup;
			children = (
				"_____Product_LakestoneCoreTests" /* LakestoneCoreTests.xctest */,
			);
			name = Tests;
			sourceTree = "<group>";
		};
		"___RootGroup_" = {
			isa = PBXGroup;
			children = (
				__PBXFileRef_Package.swift /* Package.swift */,
				"_____Configs_" /* Configs */,
				"_____Sources_" /* Sources */,
				Dependencies_ /* Dependencies */,
				"_______Tests_" /* Tests */,
				1AA328481DA4E5AF00A54D0A /* LakestoneCoreTestsIOS */,
				"____Products_" /* Products */,
				1AA328521DA4E5C900A54D0A /* Frameworks */,
			);
			sourceTree = "<group>";
		};
		"____Products_" /* Products */ = {
			isa = PBXGroup;
			children = (
				TestProducts_ /* Tests */,
				"_____Product_PerfectThread" /* PerfectThread.framework */,
				"_____Product_PerfectCURL" /* PerfectCURL.framework */,
				"_____Product_LakestoneCore" /* LakestoneCore.framework */,
				1AA328471DA4E5AF00A54D0A /* LakestoneCoreTestsIOS.xctest */,
			);
			name = Products;
			sourceTree = "<group>";
		};
		"_____Configs_" /* Configs */ = {
			isa = PBXGroup;
			children = (
				__PBXFileRef_LakestoneCore.xcodeproj/Configs/Project.xcconfig /* LakestoneCore.xcodeproj/Configs/Project.xcconfig */,
			);
			name = Configs;
			sourceTree = "<group>";
		};
		"_____Sources_" /* Sources */ = {
			isa = PBXGroup;
			children = (
				"_______Group_LakestoneCore" /* LakestoneCore */,
			);
			name = Sources;
			sourceTree = "<group>";
		};
		"_______Group_LakestoneCore" /* LakestoneCore */ = {
			isa = PBXGroup;
			children = (
				__PBXFileRef_Source/alliases.swift /* alliases.swift */,
				__PBXFileRef_Source/AnyFileOrDirectory.swift /* AnyFileOrDirectory.swift */,
				__PBXFileRef_Source/CustomSerialization.swift /* CustomSerialization.swift */,
				__PBXFileRef_Source/Directory.swift /* Directory.swift */,
				__PBXFileRef_Source/extension_Data.swift /* extension_Data.swift */,
				__PBXFileRef_Source/extension_Date.swift /* extension_Date.swift */,
				__PBXFileRef_Source/extension_String.swift /* extension_String.swift */,
				__PBXFileRef_Source/extension_URL.swift /* extension_URL.swift */,
				__PBXFileRef_Source/extension_UUID.swift /* extension_UUID.swift */,
				__PBXFileRef_Source/File.swift /* File.swift */,
				__PBXFileRef_Source/HTTP.swift /* HTTP.swift */,
				__PBXFileRef_Source/JSONSerialization.swift /* JSONSerialization.swift */,
				__PBXFileRef_Source/LakestoneError.swift /* LakestoneError.swift */,
				__PBXFileRef_Source/Threading.swift /* Threading.swift */,
				__PBXFileRef_Source/XMLSerialization.swift /* XMLSerialization.swift */,
			);
			name = LakestoneCore;
			path = Source;
			sourceTree = "<group>";
		};
		"_______Group_LakestoneCoreTests" /* LakestoneCoreTests */ = {
			isa = PBXGroup;
			children = (
				__PBXFileRef_Tests/LakestoneCoreTests/TestCustomSerialization.swift /* TestCustomSerialization.swift */,
				__PBXFileRef_Tests/LakestoneCoreTests/TestData.swift /* TestData.swift */,
				__PBXFileRef_Tests/LakestoneCoreTests/TestDate.swift /* TestDate.swift */,
				__PBXFileRef_Tests/LakestoneCoreTests/TestDirectory.swift /* TestDirectory.swift */,
				__PBXFileRef_Tests/LakestoneCoreTests/TestFile.swift /* TestFile.swift */,
				__PBXFileRef_Tests/LakestoneCoreTests/TestHTTP.swift /* TestHTTP.swift */,
				__PBXFileRef_Tests/LakestoneCoreTests/TestJSONSerialization.swift /* TestJSONSerialization.swift */,
				__PBXFileRef_Tests/LakestoneCoreTests/TestString.swift /* TestString.swift */,
				__PBXFileRef_Tests/LakestoneCoreTests/TestURL.swift /* TestURL.swift */,
				__PBXFileRef_Tests/LakestoneCoreTests/testUtilities.swift /* testUtilities.swift */,
				__PBXFileRef_Tests/LakestoneCoreTests/TestUUID.swift /* TestUUID.swift */,
				1AA328641DA5039D00A54D0A /* TestXMLSerialization.swift */,
			);
			name = LakestoneCoreTests;
			path = Tests/LakestoneCoreTests;
			sourceTree = "<group>";
		};
		"_______Tests_" /* Tests */ = {
			isa = PBXGroup;
			children = (
				"_______Group_LakestoneCoreTests" /* LakestoneCoreTests */,
			);
			name = Tests;
			sourceTree = "<group>";
		};
/* End PBXGroup section */

/* Begin PBXNativeTarget section */
		1AA328461DA4E5AF00A54D0A /* LakestoneCoreTestsIOS */ = {
			isa = PBXNativeTarget;
			buildConfigurationList = 1AA3284C1DA4E5AF00A54D0A /* Build configuration list for PBXNativeTarget "LakestoneCoreTestsIOS" */;
			buildPhases = (
				1AA328431DA4E5AF00A54D0A /* Sources */,
				1AA328441DA4E5AF00A54D0A /* Frameworks */,
				1AA328451DA4E5AF00A54D0A /* Resources */,
			);
			buildRules = (
			);
			dependencies = (
			);
			name = LakestoneCoreTestsIOS;
			productName = LakestoneCoreTestsIOS;
			productReference = 1AA328471DA4E5AF00A54D0A /* LakestoneCoreTestsIOS.xctest */;
			productType = "com.apple.product-type.bundle.unit-test";
		};
		"______Target_LakestoneCore" /* LakestoneCore */ = {
			isa = PBXNativeTarget;
			buildConfigurationList = "_______Confs_LakestoneCore" /* Build configuration list for PBXNativeTarget "LakestoneCore" */;
			buildPhases = (
				CompilePhase_LakestoneCore /* Sources */,
				"___LinkPhase_LakestoneCore" /* Frameworks */,
			);
			buildRules = (
			);
			dependencies = (
				__Dependency_PerfectThread /* PBXTargetDependency */,
				__Dependency_PerfectCURL /* PBXTargetDependency */,
			);
			name = LakestoneCore;
			productName = LakestoneCore;
			productReference = "_____Product_LakestoneCore" /* LakestoneCore.framework */;
			productType = "com.apple.product-type.framework";
		};
		"______Target_LakestoneCoreTests" /* LakestoneCoreTests */ = {
			isa = PBXNativeTarget;
			buildConfigurationList = "_______Confs_LakestoneCoreTests" /* Build configuration list for PBXNativeTarget "LakestoneCoreTests" */;
			buildPhases = (
				CompilePhase_LakestoneCoreTests /* Sources */,
				"___LinkPhase_LakestoneCoreTests" /* Frameworks */,
			);
			buildRules = (
			);
			dependencies = (
				__Dependency_PerfectThread /* PBXTargetDependency */,
				__Dependency_PerfectCURL /* PBXTargetDependency */,
				__Dependency_LakestoneCore /* PBXTargetDependency */,
			);
			name = LakestoneCoreTests;
			productName = LakestoneCoreTests;
			productReference = "_____Product_LakestoneCoreTests" /* LakestoneCoreTests.xctest */;
			productType = "com.apple.product-type.bundle.unit-test";
		};
		"______Target_PerfectCURL" /* PerfectCURL */ = {
			isa = PBXNativeTarget;
			buildConfigurationList = "_______Confs_PerfectCURL" /* Build configuration list for PBXNativeTarget "PerfectCURL" */;
			buildPhases = (
				CompilePhase_PerfectCURL /* Sources */,
				"___LinkPhase_PerfectCURL" /* Frameworks */,
			);
			buildRules = (
			);
			dependencies = (
				__Dependency_PerfectThread /* PBXTargetDependency */,
			);
			name = PerfectCURL;
			productName = PerfectCURL;
			productReference = "_____Product_PerfectCURL" /* PerfectCURL.framework */;
			productType = "com.apple.product-type.framework";
		};
		"______Target_PerfectThread" /* PerfectThread */ = {
			isa = PBXNativeTarget;
			buildConfigurationList = "_______Confs_PerfectThread" /* Build configuration list for PBXNativeTarget "PerfectThread" */;
			buildPhases = (
				CompilePhase_PerfectThread /* Sources */,
				"___LinkPhase_PerfectThread" /* Frameworks */,
			);
			buildRules = (
			);
			dependencies = (
			);
			name = PerfectThread;
			productName = PerfectThread;
			productReference = "_____Product_PerfectThread" /* PerfectThread.framework */;
			productType = "com.apple.product-type.framework";
		};
/* End PBXNativeTarget section */

/* Begin PBXProject section */
		__RootObject_ /* Project object */ = {
			isa = PBXProject;
			attributes = {
				LastSwiftUpdateCheck = 0800;
				LastUpgradeCheck = 9999;
				TargetAttributes = {
					1AA328461DA4E5AF00A54D0A = {
						CreatedOnToolsVersion = 8.0;
						DevelopmentTeam = R9S8X575B6;
						ProvisioningStyle = Automatic;
					};
				};
			};
			buildConfigurationList = "___RootConfs_" /* Build configuration list for PBXProject "LakestoneCore" */;
			compatibilityVersion = "Xcode 3.2";
			developmentRegion = English;
			hasScannedForEncodings = 0;
			knownRegions = (
				en,
			);
			mainGroup = "___RootGroup_";
			productRefGroup = "____Products_" /* Products */;
			projectDirPath = "";
			projectRoot = "";
			targets = (
				"______Target_PerfectThread" /* PerfectThread */,
				"______Target_PerfectCURL" /* PerfectCURL */,
				"______Target_LakestoneCore" /* LakestoneCore */,
				"______Target_LakestoneCoreTests" /* LakestoneCoreTests */,
				1AA328461DA4E5AF00A54D0A /* LakestoneCoreTestsIOS */,
			);
		};
/* End PBXProject section */

/* Begin PBXResourcesBuildPhase section */
		1AA328451DA4E5AF00A54D0A /* Resources */ = {
			isa = PBXResourcesBuildPhase;
			buildActionMask = 2147483647;
			files = (
				1AA328631DA4EAA500A54D0A /* raster_digitalglobe.json in Resources */,
			);
			runOnlyForDeploymentPostprocessing = 0;
		};
/* End PBXResourcesBuildPhase section */

/* Begin PBXSourcesBuildPhase section */
		1AA328431DA4E5AF00A54D0A /* Sources */ = {
			isa = PBXSourcesBuildPhase;
			buildActionMask = 2147483647;
			files = (
				1AA328661DA5039D00A54D0A /* TestXMLSerialization.swift in Sources */,
				1AA328611DA4E67C00A54D0A /* TestUUID.swift in Sources */,
				1AA3285C1DA4E66F00A54D0A /* TestHTTP.swift in Sources */,
				1AA3285E1DA4E67400A54D0A /* TestString.swift in Sources */,
				1AA328581DA4E66400A54D0A /* TestData.swift in Sources */,
				1AA3284A1DA4E5AF00A54D0A /* LakestoneCoreTestsIOS.swift in Sources */,
				1AA328571DA4E66200A54D0A /* TestCustomSerialization.swift in Sources */,
				1AA3285B1DA4E66D00A54D0A /* TestFile.swift in Sources */,
				1AA328591DA4E66700A54D0A /* TestDate.swift in Sources */,
				1AA3285F1DA4E67700A54D0A /* TestURL.swift in Sources */,
				1AA3285D1DA4E67200A54D0A /* TestJSONSerialization.swift in Sources */,
				1AA3285A1DA4E66A00A54D0A /* TestDirectory.swift in Sources */,
				1AA328601DA4E67A00A54D0A /* testUtilities.swift in Sources */,
			);
			runOnlyForDeploymentPostprocessing = 0;
		};
		CompilePhase_LakestoneCore /* Sources */ = {
			isa = PBXSourcesBuildPhase;
			buildActionMask = 0;
			files = (
				__src_cc_ref_Source/alliases.swift /* alliases.swift in Sources */,
				__src_cc_ref_Source/AnyFileOrDirectory.swift /* AnyFileOrDirectory.swift in Sources */,
				__src_cc_ref_Source/CustomSerialization.swift /* CustomSerialization.swift in Sources */,
				__src_cc_ref_Source/Directory.swift /* Directory.swift in Sources */,
				__src_cc_ref_Source/extension_Data.swift /* extension_Data.swift in Sources */,
				__src_cc_ref_Source/extension_Date.swift /* extension_Date.swift in Sources */,
				__src_cc_ref_Source/extension_String.swift /* extension_String.swift in Sources */,
				__src_cc_ref_Source/extension_URL.swift /* extension_URL.swift in Sources */,
				__src_cc_ref_Source/extension_UUID.swift /* extension_UUID.swift in Sources */,
				__src_cc_ref_Source/File.swift /* File.swift in Sources */,
				__src_cc_ref_Source/HTTP.swift /* HTTP.swift in Sources */,
				__src_cc_ref_Source/JSONSerialization.swift /* JSONSerialization.swift in Sources */,
				__src_cc_ref_Source/LakestoneError.swift /* LakestoneError.swift in Sources */,
				__src_cc_ref_Source/Threading.swift /* Threading.swift in Sources */,
				__src_cc_ref_Source/XMLSerialization.swift /* XMLSerialization.swift in Sources */,
			);
			runOnlyForDeploymentPostprocessing = 0;
		};
		CompilePhase_LakestoneCoreTests /* Sources */ = {
			isa = PBXSourcesBuildPhase;
			buildActionMask = 0;
			files = (
				1AA328651DA5039D00A54D0A /* TestXMLSerialization.swift in Sources */,
				__src_cc_ref_Tests/LakestoneCoreTests/TestCustomSerialization.swift /* TestCustomSerialization.swift in Sources */,
				__src_cc_ref_Tests/LakestoneCoreTests/TestData.swift /* TestData.swift in Sources */,
				__src_cc_ref_Tests/LakestoneCoreTests/TestDate.swift /* TestDate.swift in Sources */,
				__src_cc_ref_Tests/LakestoneCoreTests/TestDirectory.swift /* TestDirectory.swift in Sources */,
				__src_cc_ref_Tests/LakestoneCoreTests/TestFile.swift /* TestFile.swift in Sources */,
				__src_cc_ref_Tests/LakestoneCoreTests/TestHTTP.swift /* TestHTTP.swift in Sources */,
				__src_cc_ref_Tests/LakestoneCoreTests/TestJSONSerialization.swift /* TestJSONSerialization.swift in Sources */,
				__src_cc_ref_Tests/LakestoneCoreTests/TestString.swift /* TestString.swift in Sources */,
				__src_cc_ref_Tests/LakestoneCoreTests/TestURL.swift /* TestURL.swift in Sources */,
				__src_cc_ref_Tests/LakestoneCoreTests/testUtilities.swift /* testUtilities.swift in Sources */,
				__src_cc_ref_Tests/LakestoneCoreTests/TestUUID.swift /* TestUUID.swift in Sources */,
			);
			runOnlyForDeploymentPostprocessing = 0;
		};
		CompilePhase_PerfectCURL /* Sources */ = {
			isa = PBXSourcesBuildPhase;
			buildActionMask = 0;
			files = (
				1AA3287A1DA50ED400A54D0A /* cURL.swift in Sources */,
			);
			runOnlyForDeploymentPostprocessing = 0;
		};
		CompilePhase_PerfectThread /* Sources */ = {
			isa = PBXSourcesBuildPhase;
			buildActionMask = 0;
			files = (
				1AA3287E1DA5113D00A54D0A /* Threading.swift in Sources */,
				1AA3287F1DA5113D00A54D0A /* ThreadQueue.swift in Sources */,
			);
			runOnlyForDeploymentPostprocessing = 0;
		};
/* End PBXSourcesBuildPhase section */

/* Begin PBXTargetDependency section */
		__Dependency_LakestoneCore /* PBXTargetDependency */ = {
			isa = PBXTargetDependency;
			target = "______Target_LakestoneCore" /* LakestoneCore */;
			targetProxy = 1AA328361DA4E20900A54D0A /* PBXContainerItemProxy */;
		};
		__Dependency_PerfectCURL /* PBXTargetDependency */ = {
			isa = PBXTargetDependency;
			target = "______Target_PerfectCURL" /* PerfectCURL */;
			targetProxy = 1AA328351DA4E20900A54D0A /* PBXContainerItemProxy */;
		};
		__Dependency_PerfectThread /* PBXTargetDependency */ = {
			isa = PBXTargetDependency;
			target = "______Target_PerfectThread" /* PerfectThread */;
			targetProxy = 1AA328341DA4E20900A54D0A /* PBXContainerItemProxy */;
		};
/* End PBXTargetDependency section */

/* Begin XCBuildConfiguration section */
		1AA3284D1DA4E5AF00A54D0A /* Debug */ = {
			isa = XCBuildConfiguration;
			buildSettings = {
				ALWAYS_SEARCH_USER_PATHS = NO;
				CLANG_ANALYZER_NONNULL = YES;
				CLANG_CXX_LANGUAGE_STANDARD = "gnu++0x";
				CLANG_CXX_LIBRARY = "libc++";
				CLANG_ENABLE_MODULES = YES;
				CLANG_ENABLE_OBJC_ARC = YES;
				CLANG_WARN_BOOL_CONVERSION = YES;
				CLANG_WARN_CONSTANT_CONVERSION = YES;
				CLANG_WARN_DIRECT_OBJC_ISA_USAGE = YES_ERROR;
				CLANG_WARN_DOCUMENTATION_COMMENTS = YES;
				CLANG_WARN_EMPTY_BODY = YES;
				CLANG_WARN_ENUM_CONVERSION = YES;
				CLANG_WARN_INFINITE_RECURSION = YES;
				CLANG_WARN_INT_CONVERSION = YES;
				CLANG_WARN_OBJC_ROOT_CLASS = YES_ERROR;
				CLANG_WARN_SUSPICIOUS_MOVES = YES;
				CLANG_WARN_UNREACHABLE_CODE = YES;
				CLANG_WARN__DUPLICATE_METHOD_MATCH = YES;
				"CODE_SIGN_IDENTITY[sdk=iphoneos*]" = "iPhone Developer";
				COPY_PHASE_STRIP = NO;
				DEBUG_INFORMATION_FORMAT = dwarf;
				DEVELOPMENT_TEAM = R9S8X575B6;
				ENABLE_STRICT_OBJC_MSGSEND = YES;
				ENABLE_TESTABILITY = YES;
				GCC_C_LANGUAGE_STANDARD = gnu99;
				GCC_DYNAMIC_NO_PIC = NO;
				GCC_NO_COMMON_BLOCKS = YES;
				GCC_OPTIMIZATION_LEVEL = 0;
				GCC_PREPROCESSOR_DEFINITIONS = (
					"DEBUG=1",
					"$(inherited)",
				);
				GCC_WARN_64_TO_32_BIT_CONVERSION = YES;
				GCC_WARN_ABOUT_RETURN_TYPE = YES_ERROR;
				GCC_WARN_UNDECLARED_SELECTOR = YES;
				GCC_WARN_UNINITIALIZED_AUTOS = YES_AGGRESSIVE;
				GCC_WARN_UNUSED_FUNCTION = YES;
				GCC_WARN_UNUSED_VARIABLE = YES;
				HEADER_SEARCH_PATHS = "$(SDKROOT)/usr/include/libxml2";
				INFOPLIST_FILE = LakestoneCoreTestsIOS/Info.plist;
				IPHONEOS_DEPLOYMENT_TARGET = 10.0;
				LD_RUNPATH_SEARCH_PATHS = "$(inherited) @executable_path/Frameworks @loader_path/Frameworks";
				MTL_ENABLE_DEBUG_INFO = YES;
				ONLY_ACTIVE_ARCH = YES;
				PRODUCT_BUNDLE_IDENTIFIER = tw.geothings.LakestoneCoreTestsIOS;
				PRODUCT_NAME = "$(TARGET_NAME)";
				SDKROOT = iphoneos;
				SUPPORTED_PLATFORMS = "iphonesimulator iphoneos";
				SWIFT_ACTIVE_COMPILATION_CONDITIONS = DEBUG;
				SWIFT_OPTIMIZATION_LEVEL = "-Onone";
				SWIFT_VERSION = 3.0;
			};
			name = Debug;
		};
		1AA3284E1DA4E5AF00A54D0A /* Release */ = {
			isa = XCBuildConfiguration;
			buildSettings = {
				ALWAYS_SEARCH_USER_PATHS = NO;
				CLANG_ANALYZER_NONNULL = YES;
				CLANG_CXX_LANGUAGE_STANDARD = "gnu++0x";
				CLANG_CXX_LIBRARY = "libc++";
				CLANG_ENABLE_MODULES = YES;
				CLANG_ENABLE_OBJC_ARC = YES;
				CLANG_WARN_BOOL_CONVERSION = YES;
				CLANG_WARN_CONSTANT_CONVERSION = YES;
				CLANG_WARN_DIRECT_OBJC_ISA_USAGE = YES_ERROR;
				CLANG_WARN_DOCUMENTATION_COMMENTS = YES;
				CLANG_WARN_EMPTY_BODY = YES;
				CLANG_WARN_ENUM_CONVERSION = YES;
				CLANG_WARN_INFINITE_RECURSION = YES;
				CLANG_WARN_INT_CONVERSION = YES;
				CLANG_WARN_OBJC_ROOT_CLASS = YES_ERROR;
				CLANG_WARN_SUSPICIOUS_MOVES = YES;
				CLANG_WARN_UNREACHABLE_CODE = YES;
				CLANG_WARN__DUPLICATE_METHOD_MATCH = YES;
				"CODE_SIGN_IDENTITY[sdk=iphoneos*]" = "iPhone Developer";
				COPY_PHASE_STRIP = NO;
				DEBUG_INFORMATION_FORMAT = "dwarf-with-dsym";
				DEVELOPMENT_TEAM = R9S8X575B6;
				ENABLE_NS_ASSERTIONS = NO;
				ENABLE_STRICT_OBJC_MSGSEND = YES;
				GCC_C_LANGUAGE_STANDARD = gnu99;
				GCC_NO_COMMON_BLOCKS = YES;
				GCC_WARN_64_TO_32_BIT_CONVERSION = YES;
				GCC_WARN_ABOUT_RETURN_TYPE = YES_ERROR;
				GCC_WARN_UNDECLARED_SELECTOR = YES;
				GCC_WARN_UNINITIALIZED_AUTOS = YES_AGGRESSIVE;
				GCC_WARN_UNUSED_FUNCTION = YES;
				GCC_WARN_UNUSED_VARIABLE = YES;
				HEADER_SEARCH_PATHS = "$(SDKROOT)/usr/include/libxml2";
				INFOPLIST_FILE = LakestoneCoreTestsIOS/Info.plist;
				IPHONEOS_DEPLOYMENT_TARGET = 10.0;
				LD_RUNPATH_SEARCH_PATHS = "$(inherited) @executable_path/Frameworks @loader_path/Frameworks";
				MTL_ENABLE_DEBUG_INFO = NO;
				PRODUCT_BUNDLE_IDENTIFIER = tw.geothings.LakestoneCoreTestsIOS;
				PRODUCT_NAME = "$(TARGET_NAME)";
				SDKROOT = iphoneos;
				SUPPORTED_PLATFORMS = "iphonesimulator iphoneos";
				SWIFT_OPTIMIZATION_LEVEL = "-Owholemodule";
				SWIFT_VERSION = 3.0;
				VALIDATE_PRODUCT = YES;
			};
			name = Release;
		};
		_ReleaseConf_LakestoneCore /* Release */ = {
			isa = XCBuildConfiguration;
			buildSettings = {
				ENABLE_TESTABILITY = YES;
				FRAMEWORK_SEARCH_PATHS = "$(PLATFORM_DIR)/Developer/Library/Frameworks";
				HEADER_SEARCH_PATHS = "$(SDKROOT)/usr/include/libxml2";
				"HEADER_SEARCH_PATHS[arch=x86_64]" = (
					"/Users/hurden/Developer/Lakestone/LakestoneCore/Packages/cURL-2.0.0",
					"$(SDKROOT)/usr/include/libxml2",
				);
				"HEADER_SEARCH_PATHS[sdk=iphoneos*]" = "$(SDKROOT)/usr/include/libxml2";
				"HEADER_SEARCH_PATHS[sdk=iphonesimulator*]" = "$(SDKROOT)/usr/include/libxm2";
				INFOPLIST_FILE = LakestoneCore.xcodeproj/LakestoneCore_Info.plist;
				IPHONEOS_DEPLOYMENT_TARGET = 8.0;
				LD_RUNPATH_SEARCH_PATHS = "$(TOOLCHAIN_DIR)/usr/lib/swift/macosx";
				OTHER_LDFLAGS = "$(inherited)";
				OTHER_SWIFT_FLAGS = "$(inherited)";
				PRODUCT_BUNDLE_IDENTIFIER = LakestoneCore;
				PRODUCT_MODULE_NAME = "$(TARGET_NAME:c99extidentifier)";
				PRODUCT_NAME = "$(TARGET_NAME:c99extidentifier)";
				SWIFT_INCLUDE_PATHS = "";
				"SWIFT_INCLUDE_PATHS[arch=x86_64]" = $SRCROOT/LibXML2/osx;
				"SWIFT_INCLUDE_PATHS[sdk=iphoneos*]" = $SRCROOT/LibXML2/ios;
				"SWIFT_INCLUDE_PATHS[sdk=iphonesimulator*]" = $SRCROOT/LibXML2/ios;
				SWIFT_VERSION = 3.0;
			};
			name = Release;
		};
		_ReleaseConf_LakestoneCoreTests /* Release */ = {
			isa = XCBuildConfiguration;
			buildSettings = {
				ALWAYS_EMBED_SWIFT_STANDARD_LIBRARIES = YES;
				EMBEDDED_CONTENT_CONTAINS_SWIFT = YES;
				FRAMEWORK_SEARCH_PATHS = "$(PLATFORM_DIR)/Developer/Library/Frameworks";
				HEADER_SEARCH_PATHS = "/Users/hurden/Developer/Lakestone/LakestoneCore/Packages/cURL-2.0.0";
				INFOPLIST_FILE = LakestoneCore.xcodeproj/LakestoneCoreTests_Info.plist;
				LD_RUNPATH_SEARCH_PATHS = "@loader_path/../Frameworks";
				OTHER_LDFLAGS = "$(inherited)";
				OTHER_SWIFT_FLAGS = "$(inherited)";
				SWIFT_VERSION = 3.0;
			};
			name = Release;
		};
		_ReleaseConf_PerfectCURL /* Release */ = {
			isa = XCBuildConfiguration;
			buildSettings = {
				ENABLE_TESTABILITY = YES;
				FRAMEWORK_SEARCH_PATHS = "$(PLATFORM_DIR)/Developer/Library/Frameworks";
				HEADER_SEARCH_PATHS = "/Users/hurden/Developer/Lakestone/LakestoneCore/Packages/cURL-2.0.0";
				INFOPLIST_FILE = LakestoneCore.xcodeproj/PerfectCURL_Info.plist;
				IPHONEOS_DEPLOYMENT_TARGET = 8.0;
				LD_RUNPATH_SEARCH_PATHS = "$(TOOLCHAIN_DIR)/usr/lib/swift/macosx";
				OTHER_LDFLAGS = "$(inherited)";
				OTHER_SWIFT_FLAGS = "$(inherited)";
				PRODUCT_BUNDLE_IDENTIFIER = PerfectCURL;
				PRODUCT_MODULE_NAME = "$(TARGET_NAME:c99extidentifier)";
				PRODUCT_NAME = "$(TARGET_NAME:c99extidentifier)";
				SWIFT_VERSION = 3.0;
			};
			name = Release;
		};
		_ReleaseConf_PerfectThread /* Release */ = {
			isa = XCBuildConfiguration;
			buildSettings = {
				ENABLE_TESTABILITY = YES;
				FRAMEWORK_SEARCH_PATHS = "$(PLATFORM_DIR)/Developer/Library/Frameworks";
				INFOPLIST_FILE = LakestoneCore.xcodeproj/PerfectThread_Info.plist;
				IPHONEOS_DEPLOYMENT_TARGET = 8.0;
				LD_RUNPATH_SEARCH_PATHS = "$(TOOLCHAIN_DIR)/usr/lib/swift/macosx";
				OTHER_LDFLAGS = "$(inherited)";
				OTHER_SWIFT_FLAGS = "$(inherited)";
				PRODUCT_BUNDLE_IDENTIFIER = PerfectThread;
				PRODUCT_MODULE_NAME = "$(TARGET_NAME:c99extidentifier)";
				PRODUCT_NAME = "$(TARGET_NAME:c99extidentifier)";
				SWIFT_VERSION = 3.0;
			};
			name = Release;
		};
		"___DebugConf_LakestoneCore" /* Debug */ = {
			isa = XCBuildConfiguration;
			buildSettings = {
				ENABLE_TESTABILITY = YES;
				FRAMEWORK_SEARCH_PATHS = "$(PLATFORM_DIR)/Developer/Library/Frameworks";
				HEADER_SEARCH_PATHS = "$(SDKROOT)/usr/include/libxml2";
				"HEADER_SEARCH_PATHS[arch=x86_64]" = (
					"/Users/hurden/Developer/Lakestone/LakestoneCore/Packages/cURL-2.0.0",
					"$(SDKROOT)/usr/include/libxml2",
				);
				"HEADER_SEARCH_PATHS[sdk=iphoneos*]" = "$(SDKROOT)/usr/include/libxml2";
				"HEADER_SEARCH_PATHS[sdk=iphonesimulator*]" = "$(SDKROOT)/usr/include/libxml2";
				INFOPLIST_FILE = LakestoneCore.xcodeproj/LakestoneCore_Info.plist;
				IPHONEOS_DEPLOYMENT_TARGET = 8.0;
				LD_RUNPATH_SEARCH_PATHS = "$(TOOLCHAIN_DIR)/usr/lib/swift/macosx";
				OTHER_LDFLAGS = "$(inherited)";
				OTHER_SWIFT_FLAGS = "$(inherited)";
				PRODUCT_BUNDLE_IDENTIFIER = LakestoneCore;
				PRODUCT_MODULE_NAME = "$(TARGET_NAME:c99extidentifier)";
				PRODUCT_NAME = "$(TARGET_NAME:c99extidentifier)";
				SWIFT_INCLUDE_PATHS = "";
				"SWIFT_INCLUDE_PATHS[arch=x86_64]" = $SRCROOT/LibXML2/osx;
				"SWIFT_INCLUDE_PATHS[sdk=iphoneos*]" = $SRCROOT/LibXML2/ios;
				"SWIFT_INCLUDE_PATHS[sdk=iphonesimulator*]" = $SRCROOT/LibXML2/ios;
				SWIFT_OPTIMIZATION_LEVEL = "-Onone";
				SWIFT_VERSION = 3.0;
			};
			name = Debug;
		};
		"___DebugConf_LakestoneCoreTests" /* Debug */ = {
			isa = XCBuildConfiguration;
			buildSettings = {
				ALWAYS_EMBED_SWIFT_STANDARD_LIBRARIES = YES;
				EMBEDDED_CONTENT_CONTAINS_SWIFT = YES;
				FRAMEWORK_SEARCH_PATHS = "$(PLATFORM_DIR)/Developer/Library/Frameworks";
				HEADER_SEARCH_PATHS = "/Users/hurden/Developer/Lakestone/LakestoneCore/Packages/cURL-2.0.0";
				INFOPLIST_FILE = LakestoneCore.xcodeproj/LakestoneCoreTests_Info.plist;
				LD_RUNPATH_SEARCH_PATHS = "@loader_path/../Frameworks";
				OTHER_LDFLAGS = "$(inherited)";
				OTHER_SWIFT_FLAGS = "$(inherited)";
				SWIFT_OPTIMIZATION_LEVEL = "-Onone";
				SWIFT_VERSION = 3.0;
			};
			name = Debug;
		};
		"___DebugConf_PerfectCURL" /* Debug */ = {
			isa = XCBuildConfiguration;
			buildSettings = {
				ENABLE_TESTABILITY = YES;
				FRAMEWORK_SEARCH_PATHS = "$(PLATFORM_DIR)/Developer/Library/Frameworks";
				HEADER_SEARCH_PATHS = "/Users/hurden/Developer/Lakestone/LakestoneCore/Packages/cURL-2.0.0";
				INFOPLIST_FILE = LakestoneCore.xcodeproj/PerfectCURL_Info.plist;
				IPHONEOS_DEPLOYMENT_TARGET = 8.0;
				LD_RUNPATH_SEARCH_PATHS = "$(TOOLCHAIN_DIR)/usr/lib/swift/macosx";
				OTHER_LDFLAGS = "$(inherited)";
				OTHER_SWIFT_FLAGS = "$(inherited)";
				PRODUCT_BUNDLE_IDENTIFIER = PerfectCURL;
				PRODUCT_MODULE_NAME = "$(TARGET_NAME:c99extidentifier)";
				PRODUCT_NAME = "$(TARGET_NAME:c99extidentifier)";
				SWIFT_OPTIMIZATION_LEVEL = "-Onone";
				SWIFT_VERSION = 3.0;
			};
			name = Debug;
		};
		"___DebugConf_PerfectThread" /* Debug */ = {
			isa = XCBuildConfiguration;
			buildSettings = {
				ENABLE_TESTABILITY = YES;
				FRAMEWORK_SEARCH_PATHS = "$(PLATFORM_DIR)/Developer/Library/Frameworks";
				INFOPLIST_FILE = LakestoneCore.xcodeproj/PerfectThread_Info.plist;
				IPHONEOS_DEPLOYMENT_TARGET = 8.0;
				LD_RUNPATH_SEARCH_PATHS = "$(TOOLCHAIN_DIR)/usr/lib/swift/macosx";
				OTHER_LDFLAGS = "$(inherited)";
				OTHER_SWIFT_FLAGS = "$(inherited)";
				PRODUCT_BUNDLE_IDENTIFIER = PerfectThread;
				PRODUCT_MODULE_NAME = "$(TARGET_NAME:c99extidentifier)";
				PRODUCT_NAME = "$(TARGET_NAME:c99extidentifier)";
				SWIFT_OPTIMIZATION_LEVEL = "-Onone";
				SWIFT_VERSION = 3.0;
			};
			name = Debug;
		};
		"_____Release_" /* Release */ = {
			isa = XCBuildConfiguration;
			baseConfigurationReference = __PBXFileRef_LakestoneCore.xcodeproj/Configs/Project.xcconfig /* LakestoneCore.xcodeproj/Configs/Project.xcconfig */;
			buildSettings = {
			};
			name = Release;
		};
		"_______Debug_" /* Debug */ = {
			isa = XCBuildConfiguration;
			baseConfigurationReference = __PBXFileRef_LakestoneCore.xcodeproj/Configs/Project.xcconfig /* LakestoneCore.xcodeproj/Configs/Project.xcconfig */;
			buildSettings = {
			};
			name = Debug;
		};
/* End XCBuildConfiguration section */

/* Begin XCConfigurationList section */
		1AA3284C1DA4E5AF00A54D0A /* Build configuration list for PBXNativeTarget "LakestoneCoreTestsIOS" */ = {
			isa = XCConfigurationList;
			buildConfigurations = (
				1AA3284D1DA4E5AF00A54D0A /* Debug */,
				1AA3284E1DA4E5AF00A54D0A /* Release */,
			);
			defaultConfigurationIsVisible = 0;
			defaultConfigurationName = Debug;
		};
		"___RootConfs_" /* Build configuration list for PBXProject "LakestoneCore" */ = {
			isa = XCConfigurationList;
			buildConfigurations = (
				"_______Debug_" /* Debug */,
				"_____Release_" /* Release */,
			);
			defaultConfigurationIsVisible = 0;
			defaultConfigurationName = Debug;
		};
		"_______Confs_LakestoneCore" /* Build configuration list for PBXNativeTarget "LakestoneCore" */ = {
			isa = XCConfigurationList;
			buildConfigurations = (
				"___DebugConf_LakestoneCore" /* Debug */,
				_ReleaseConf_LakestoneCore /* Release */,
			);
			defaultConfigurationIsVisible = 0;
			defaultConfigurationName = Debug;
		};
		"_______Confs_LakestoneCoreTests" /* Build configuration list for PBXNativeTarget "LakestoneCoreTests" */ = {
			isa = XCConfigurationList;
			buildConfigurations = (
				"___DebugConf_LakestoneCoreTests" /* Debug */,
				_ReleaseConf_LakestoneCoreTests /* Release */,
			);
			defaultConfigurationIsVisible = 0;
			defaultConfigurationName = Debug;
		};
		"_______Confs_PerfectCURL" /* Build configuration list for PBXNativeTarget "PerfectCURL" */ = {
			isa = XCConfigurationList;
			buildConfigurations = (
				"___DebugConf_PerfectCURL" /* Debug */,
				_ReleaseConf_PerfectCURL /* Release */,
			);
			defaultConfigurationIsVisible = 0;
			defaultConfigurationName = Debug;
		};
		"_______Confs_PerfectThread" /* Build configuration list for PBXNativeTarget "PerfectThread" */ = {
			isa = XCConfigurationList;
			buildConfigurations = (
				"___DebugConf_PerfectThread" /* Debug */,
				_ReleaseConf_PerfectThread /* Release */,
			);
			defaultConfigurationIsVisible = 0;
			defaultConfigurationName = Debug;
		};
/* End XCConfigurationList section */
	};
	rootObject = __RootObject_ /* Project object */;
}
